PODS:
  - InputBarAccessoryView (5.3.1):
    - InputBarAccessoryView/Core (= 5.3.1)
  - InputBarAccessoryView/Core (5.3.1)
  - Kingfisher (6.3.0)
  - Locksmith (4.0.0)
  - MessageKit (3.6.1):
    - InputBarAccessoryView (~> 5.3.1)
  - QuickBlox (2.17.10)
  - Quickblox-WebRTC (2.7.6):
    - QuickBlox (>= 2.7)
  - RxCocoa (6.1.0):
    - RxRelay (= 6.1.0)
    - RxSwift (= 6.1.0)
  - RxRelay (6.1.0):
    - RxSwift (= 6.1.0)
  - RxSwift (6.1.0)

DEPENDENCIES:
  - Kingfisher (~> 6.0)
  - Locksmith (~> 4.0.0)
  - MessageKit
  - QuickBlox (~> 2.17.5)
  - Quickblox-WebRTC (~> 2.7.4)
  - RxCocoa (= 6.1.0)
  - RxSwift (= 6.1.0)

SPEC REPOS:
  trunk:
    - InputBarAccessoryView
    - Kingfisher
    - Locksmith
    - MessageKit
    - QuickBlox
    - Quickblox-WebRTC
    - RxCocoa
    - RxRelay
    - RxSwift

SPEC CHECKSUMS:
  InputBarAccessoryView: 1f75d8c9f75e5e57f3ffac36ed58635a8005e0bc
  Kingfisher: 6c3df386db71d82c0817a429d2c9421a77396529
  Locksmith: e9bebbaaa4cee3c511bc358a44f843c3fe00e21f
  MessageKit: d153fbbbcb12f3f4045a1ba8874298924dacfb62
  QuickBlox: 49d85c6e1782993fb2383001301b788a8d7dcad3
  Quickblox-WebRTC: 162d2421d91cfb3d4f7e01f87e095633ca52bb1d
  RxCocoa: 5c51f02d562cbd94629f6c26cf0c80fe4ab8d343
  RxRelay: 483e1a19fad961b41f0b0c0bee506f46c1ae14fe
  RxSwift: a834e5c538e89eca0cae86f403f4fbf0336786ce

PODFILE CHECKSUM: d4dd591a1dc55827d5f41541c2eeac92e01dbaf2

COCOAPODS: 1.10.1
