// !$*UTF8*$!
{
	archiveVersion = 1;
	classes = {
	};
	objectVersion = 51;
	objects = {

/* Begin PBXBuildFile section */
		017A3E4F7AF543837DC02CD7 /* Pods_FriendlyGuide_FriendlyGuideUITests.framework in Frameworks */ = {isa = PBXBuildFile; fileRef = 5EDBB6865E63CCF3C32EE119 /* Pods_FriendlyGuide_FriendlyGuideUITests.framework */; };
		2150FEB7265AB9070058FA89 /* AppDelegate.swift in Sources */ = {isa = PBXBuildFile; fileRef = 2150FEB6265AB9070058FA89 /* AppDelegate.swift */; };
		2150FEB9265AB9070058FA89 /* SceneDelegate.swift in Sources */ = {isa = PBXBuildFile; fileRef = 2150FEB8265AB9070058FA89 /* SceneDelegate.swift */; };
		2150FEC0265AB9090058FA89 /* Assets.xcassets in Resources */ = {isa = PBXBuildFile; fileRef = 2150FEBF265AB9090058FA89 /* Assets.xcassets */; };
		2150FEC3265AB9090058FA89 /* LaunchScreen.storyboard in Resources */ = {isa = PBXBuildFile; fileRef = 2150FEC1265AB9090058FA89 /* LaunchScreen.storyboard */; };
		2150FECE265AB9090058FA89 /* FriendlyGuideTests.swift in Sources */ = {isa = PBXBuildFile; fileRef = 2150FECD265AB9090058FA89 /* FriendlyGuideTests.swift */; };
		2150FED9265AB9090058FA89 /* FriendlyGuideUITests.swift in Sources */ = {isa = PBXBuildFile; fileRef = 2150FED8265AB9090058FA89 /* FriendlyGuideUITests.swift */; };
		2150FEF0265BAC8C0058FA89 /* ChatConnectable.swift in Sources */ = {isa = PBXBuildFile; fileRef = 2150FEEF265BAC8C0058FA89 /* ChatConnectable.swift */; };
		2150FEF2265BACCF0058FA89 /* ChatListViewController.swift in Sources */ = {isa = PBXBuildFile; fileRef = 2150FEF1265BACCF0058FA89 /* ChatListViewController.swift */; };
		2150FEF4265BAD400058FA89 /* ChatTableVewCell.swift in Sources */ = {isa = PBXBuildFile; fileRef = 2150FEF3265BAD400058FA89 /* ChatTableVewCell.swift */; };
		2150FEF6265BAF660058FA89 /* ChatInformationRepresentable.swift in Sources */ = {isa = PBXBuildFile; fileRef = 2150FEF5265BAF660058FA89 /* ChatInformationRepresentable.swift */; };
		21B71F86265E7D5700460564 /* QBChatManager.swift in Sources */ = {isa = PBXBuildFile; fileRef = 21B71F85265E7D5700460564 /* QBChatManager.swift */; };
		21B71F8B265E83B400460564 /* ChatAuthenticator.swift in Sources */ = {isa = PBXBuildFile; fileRef = 21B71F8A265E83B400460564 /* ChatAuthenticator.swift */; };
		21B71F8D265E8A4100460564 /* QBChatAuthentificator.swift in Sources */ = {isa = PBXBuildFile; fileRef = 21B71F8C265E8A4100460564 /* QBChatAuthentificator.swift */; };
		21B71F8F265E932C00460564 /* ChatViewController.swift in Sources */ = {isa = PBXBuildFile; fileRef = 21B71F8E265E932C00460564 /* ChatViewController.swift */; };
		21B71F9126600D8F00460564 /* Dialog.swift in Sources */ = {isa = PBXBuildFile; fileRef = 21B71F9026600D8F00460564 /* Dialog.swift */; };
		21B71F9426600F5A00460564 /* ChatDialogsManager.swift in Sources */ = {isa = PBXBuildFile; fileRef = 21B71F9326600F5A00460564 /* ChatDialogsManager.swift */; };
		21B71F9626600F9800460564 /* ChatUsersManager.swift in Sources */ = {isa = PBXBuildFile; fileRef = 21B71F9526600F9800460564 /* ChatUsersManager.swift */; };
		21B71F982660115D00460564 /* ChatMessagesManager.swift in Sources */ = {isa = PBXBuildFile; fileRef = 21B71F972660115D00460564 /* ChatMessagesManager.swift */; };
		21B71F9A266011E600460564 /* ChatManager.swift in Sources */ = {isa = PBXBuildFile; fileRef = 21B71F99266011E600460564 /* ChatManager.swift */; };
		B768E637D8ED434D98E87DC3 /* Pods_FriendlyGuideTests.framework in Frameworks */ = {isa = PBXBuildFile; fileRef = 0340E5B5743E55E0B324EE73 /* Pods_FriendlyGuideTests.framework */; };
		C5904684265B0AA700231116 /* TabBarController.swift in Sources */ = {isa = PBXBuildFile; fileRef = C5904683265B0AA700231116 /* TabBarController.swift */; };
		C5904686265B0EAD00231116 /* TravelScreenViewController.swift in Sources */ = {isa = PBXBuildFile; fileRef = C5904685265B0EAD00231116 /* TravelScreenViewController.swift */; };
		C5904688265B0F6F00231116 /* MapScreenViewController.swift in Sources */ = {isa = PBXBuildFile; fileRef = C5904687265B0F6F00231116 /* MapScreenViewController.swift */; };
		C590468A265B107000231116 /* ProfileScreenViewController.swift in Sources */ = {isa = PBXBuildFile; fileRef = C5904689265B107000231116 /* ProfileScreenViewController.swift */; };
		C5904690265B19A400231116 /* UIComponentsFactory.swift in Sources */ = {isa = PBXBuildFile; fileRef = C590468F265B19A400231116 /* UIComponentsFactory.swift */; };
		C5904692265B1A0B00231116 /* MapScreenView.swift in Sources */ = {isa = PBXBuildFile; fileRef = C5904691265B1A0B00231116 /* MapScreenView.swift */; };
		C5904694265B241400231116 /* TravelScreenView.swift in Sources */ = {isa = PBXBuildFile; fileRef = C5904693265B241400231116 /* TravelScreenView.swift */; };
		C5904698265B271400231116 /* ProfileScreenView.swift in Sources */ = {isa = PBXBuildFile; fileRef = C5904697265B271400231116 /* ProfileScreenView.swift */; };
		C91CEE80265E7DC70052C076 /* AbstractErrorParser.swift in Sources */ = {isa = PBXBuildFile; fileRef = C91CEE73265E7DC60052C076 /* AbstractErrorParser.swift */; };
		C91CEE81265E7DC70052C076 /* ErrorParser.swift in Sources */ = {isa = PBXBuildFile; fileRef = C91CEE74265E7DC60052C076 /* ErrorParser.swift */; };
		C91CEE83265E7DC70052C076 /* AbstractRequestFactory.swift in Sources */ = {isa = PBXBuildFile; fileRef = C91CEE77265E7DC60052C076 /* AbstractRequestFactory.swift */; };
		C91CEE84265E7DC70052C076 /* HttpMethod.swift in Sources */ = {isa = PBXBuildFile; fileRef = C91CEE78265E7DC60052C076 /* HttpMethod.swift */; };
		C91CEE85265E7DC70052C076 /* EndPointType.swift in Sources */ = {isa = PBXBuildFile; fileRef = C91CEE79265E7DC60052C076 /* EndPointType.swift */; };
		C91CEE86265E7DC70052C076 /* ParameterEncoding.swift in Sources */ = {isa = PBXBuildFile; fileRef = C91CEE7B265E7DC60052C076 /* ParameterEncoding.swift */; };
		C91CEE87265E7DC70052C076 /* URLPathParameterEncoder.swift in Sources */ = {isa = PBXBuildFile; fileRef = C91CEE7C265E7DC60052C076 /* URLPathParameterEncoder.swift */; };
		C91CEE88265E7DC70052C076 /* JsonParameterEncoder.swift in Sources */ = {isa = PBXBuildFile; fileRef = C91CEE7D265E7DC60052C076 /* JsonParameterEncoder.swift */; };
		C91CEE89265E7DC70052C076 /* NetworkErrors.swift in Sources */ = {isa = PBXBuildFile; fileRef = C91CEE7F265E7DC60052C076 /* NetworkErrors.swift */; };
		C91CEE8D265E7E160052C076 /* CityName.swift in Sources */ = {isa = PBXBuildFile; fileRef = C91CEE8B265E7E160052C076 /* CityName.swift */; };
		C91CEE8E265E7E160052C076 /* CityDetail.swift in Sources */ = {isa = PBXBuildFile; fileRef = C91CEE8C265E7E160052C076 /* CityDetail.swift */; };
		C91CEE91265E7E260052C076 /* Coordinates.swift in Sources */ = {isa = PBXBuildFile; fileRef = C91CEE90265E7E260052C076 /* Coordinates.swift */; };
		C91CEE94265E7E2F0052C076 /* CityNamesResource.swift in Sources */ = {isa = PBXBuildFile; fileRef = C91CEE93265E7E2F0052C076 /* CityNamesResource.swift */; };
		C91CEE9B265E7E550052C076 /* GetCityNamesFactory.swift in Sources */ = {isa = PBXBuildFile; fileRef = C91CEE97265E7E550052C076 /* GetCityNamesFactory.swift */; };
		C91CEE9C265E7E550052C076 /* GetCityNames.swift in Sources */ = {isa = PBXBuildFile; fileRef = C91CEE98265E7E550052C076 /* GetCityNames.swift */; };
		C91CEE9D265E7E550052C076 /* RequestFactory.swift in Sources */ = {isa = PBXBuildFile; fileRef = C91CEE9A265E7E550052C076 /* RequestFactory.swift */; };
		C91CEEA1265E95A20052C076 /* EventDetail.swift in Sources */ = {isa = PBXBuildFile; fileRef = C91CEEA0265E95A20052C076 /* EventDetail.swift */; };
		C91CEEA3265E96F30052C076 /* DateElement.swift in Sources */ = {isa = PBXBuildFile; fileRef = C91CEEA2265E96F30052C076 /* DateElement.swift */; };
		C91CEEA5265E97150052C076 /* Image.swift in Sources */ = {isa = PBXBuildFile; fileRef = C91CEEA4265E97150052C076 /* Image.swift */; };
		C91CEEA7265E97350052C076 /* ImageSource.swift in Sources */ = {isa = PBXBuildFile; fileRef = C91CEEA6265E97350052C076 /* ImageSource.swift */; };
		C91CEEA9265E975C0052C076 /* EventLocation.swift in Sources */ = {isa = PBXBuildFile; fileRef = C91CEEA8265E975C0052C076 /* EventLocation.swift */; };
		C91CEEAB265E98100052C076 /* EventParticipant.swift in Sources */ = {isa = PBXBuildFile; fileRef = C91CEEAA265E98100052C076 /* EventParticipant.swift */; };
		C91CEEAD265E98730052C076 /* EventPlace.swift in Sources */ = {isa = PBXBuildFile; fileRef = C91CEEAC265E98730052C076 /* EventPlace.swift */; };
		C91CEEAF265E98C80052C076 /* EventAgent.swift in Sources */ = {isa = PBXBuildFile; fileRef = C91CEEAE265E98C80052C076 /* EventAgent.swift */; };
		C91CEEB2265E9A790052C076 /* EventsList.swift in Sources */ = {isa = PBXBuildFile; fileRef = C91CEEB1265E9A790052C076 /* EventsList.swift */; };
		C91CEEB4265E9C110052C076 /* Event.swift in Sources */ = {isa = PBXBuildFile; fileRef = C91CEEB3265E9C110052C076 /* Event.swift */; };
		C91CEEB6265EA1740052C076 /* CityDetailResource.swift in Sources */ = {isa = PBXBuildFile; fileRef = C91CEEB5265EA1740052C076 /* CityDetailResource.swift */; };
		C91CEEBA265EA4820052C076 /* GetCityDetailFactory.swift in Sources */ = {isa = PBXBuildFile; fileRef = C91CEEB9265EA4820052C076 /* GetCityDetailFactory.swift */; };
		C91CEEBC265EA4970052C076 /* GetCityDetail.swift in Sources */ = {isa = PBXBuildFile; fileRef = C91CEEBB265EA4970052C076 /* GetCityDetail.swift */; };
		C9803F1C265FD6B200662332 /* GetEventsListFactory.swift in Sources */ = {isa = PBXBuildFile; fileRef = C9803F1B265FD6B200662332 /* GetEventsListFactory.swift */; };
		C9803F1E265FD71700662332 /* GetEventsList.swift in Sources */ = {isa = PBXBuildFile; fileRef = C9803F1D265FD71700662332 /* GetEventsList.swift */; };
		C9803F21265FE0CF00662332 /* GetEventDetailFactory.swift in Sources */ = {isa = PBXBuildFile; fileRef = C9803F20265FE0CF00662332 /* GetEventDetailFactory.swift */; };
		C9803F23265FE0E300662332 /* GetEventDetail.swift in Sources */ = {isa = PBXBuildFile; fileRef = C9803F22265FE0E300662332 /* GetEventDetail.swift */; };
		C9803F26265FFA3400662332 /* DayEventsList.swift in Sources */ = {isa = PBXBuildFile; fileRef = C9803F25265FFA3400662332 /* DayEventsList.swift */; };
		C9803F28265FFBE200662332 /* DayEvent.swift in Sources */ = {isa = PBXBuildFile; fileRef = C9803F27265FFBE200662332 /* DayEvent.swift */; };
		C9803F2A265FFD4800662332 /* EventType.swift in Sources */ = {isa = PBXBuildFile; fileRef = C9803F29265FFD4800662332 /* EventType.swift */; };
		C9803F2E2660001800662332 /* NewsList.swift in Sources */ = {isa = PBXBuildFile; fileRef = C9803F2D2660001800662332 /* NewsList.swift */; };
		C9803F312660006F00662332 /* News.swift in Sources */ = {isa = PBXBuildFile; fileRef = C9803F302660006F00662332 /* News.swift */; };
		C9803F342660011700662332 /* NewsDetail.swift in Sources */ = {isa = PBXBuildFile; fileRef = C9803F332660011700662332 /* NewsDetail.swift */; };
		C9803F36266001DF00662332 /* NewsImage.swift in Sources */ = {isa = PBXBuildFile; fileRef = C9803F35266001DF00662332 /* NewsImage.swift */; };
		C9803F382660021400662332 /* NewsPlace.swift in Sources */ = {isa = PBXBuildFile; fileRef = C9803F372660021400662332 /* NewsPlace.swift */; };
		C9803F3C266004C400662332 /* PlacesList.swift in Sources */ = {isa = PBXBuildFile; fileRef = C9803F3B266004C400662332 /* PlacesList.swift */; };
		C9803F3E2660061600662332 /* Places.swift in Sources */ = {isa = PBXBuildFile; fileRef = C9803F3D2660061600662332 /* Places.swift */; };
		C9803F41266006A300662332 /* PlaceDetail.swift in Sources */ = {isa = PBXBuildFile; fileRef = C9803F40266006A300662332 /* PlaceDetail.swift */; };
		C9803F432660077E00662332 /* PlaceImage.swift in Sources */ = {isa = PBXBuildFile; fileRef = C9803F422660077E00662332 /* PlaceImage.swift */; };
		C9EB114E265FCF6E00215A37 /* EventDetailResource.swift in Sources */ = {isa = PBXBuildFile; fileRef = C9EB114D265FCF6E00215A37 /* EventDetailResource.swift */; };
		C9EB1150265FCF8F00215A37 /* EventsListResource.swift in Sources */ = {isa = PBXBuildFile; fileRef = C9EB114F265FCF8F00215A37 /* EventsListResource.swift */; };
		DA302840DF4D0B0C33487407 /* Pods_FriendlyGuide.framework in Frameworks */ = {isa = PBXBuildFile; fileRef = 69D6F12A6A8DE6CD29BB1B57 /* Pods_FriendlyGuide.framework */; };
/* End PBXBuildFile section */

/* Begin PBXContainerItemProxy section */
		2150FECA265AB9090058FA89 /* PBXContainerItemProxy */ = {
			isa = PBXContainerItemProxy;
			containerPortal = 2150FEAB265AB9070058FA89 /* Project object */;
			proxyType = 1;
			remoteGlobalIDString = 2150FEB2265AB9070058FA89;
			remoteInfo = FriendlyGuide;
		};
		2150FED5265AB9090058FA89 /* PBXContainerItemProxy */ = {
			isa = PBXContainerItemProxy;
			containerPortal = 2150FEAB265AB9070058FA89 /* Project object */;
			proxyType = 1;
			remoteGlobalIDString = 2150FEB2265AB9070058FA89;
			remoteInfo = FriendlyGuide;
		};
/* End PBXContainerItemProxy section */

/* Begin PBXFileReference section */
		0340E5B5743E55E0B324EE73 /* Pods_FriendlyGuideTests.framework */ = {isa = PBXFileReference; explicitFileType = wrapper.framework; includeInIndex = 0; path = Pods_FriendlyGuideTests.framework; sourceTree = BUILT_PRODUCTS_DIR; };
		13702F993F2CF8FFDC1C0C0A /* Pods-FriendlyGuide.release.xcconfig */ = {isa = PBXFileReference; includeInIndex = 1; lastKnownFileType = text.xcconfig; name = "Pods-FriendlyGuide.release.xcconfig"; path = "Target Support Files/Pods-FriendlyGuide/Pods-FriendlyGuide.release.xcconfig"; sourceTree = "<group>"; };
		17D3CD1E21A8270E4E5699B4 /* Pods-FriendlyGuide-FriendlyGuideUITests.release.xcconfig */ = {isa = PBXFileReference; includeInIndex = 1; lastKnownFileType = text.xcconfig; name = "Pods-FriendlyGuide-FriendlyGuideUITests.release.xcconfig"; path = "Target Support Files/Pods-FriendlyGuide-FriendlyGuideUITests/Pods-FriendlyGuide-FriendlyGuideUITests.release.xcconfig"; sourceTree = "<group>"; };
		2150FEB3265AB9070058FA89 /* FriendlyGuide.app */ = {isa = PBXFileReference; explicitFileType = wrapper.application; includeInIndex = 0; path = FriendlyGuide.app; sourceTree = BUILT_PRODUCTS_DIR; };
		2150FEB6265AB9070058FA89 /* AppDelegate.swift */ = {isa = PBXFileReference; lastKnownFileType = sourcecode.swift; path = AppDelegate.swift; sourceTree = "<group>"; };
		2150FEB8265AB9070058FA89 /* SceneDelegate.swift */ = {isa = PBXFileReference; lastKnownFileType = sourcecode.swift; path = SceneDelegate.swift; sourceTree = "<group>"; };
		2150FEBF265AB9090058FA89 /* Assets.xcassets */ = {isa = PBXFileReference; lastKnownFileType = folder.assetcatalog; path = Assets.xcassets; sourceTree = "<group>"; };
		2150FEC2265AB9090058FA89 /* Base */ = {isa = PBXFileReference; lastKnownFileType = file.storyboard; name = Base; path = Base.lproj/LaunchScreen.storyboard; sourceTree = "<group>"; };
		2150FEC4265AB9090058FA89 /* Info.plist */ = {isa = PBXFileReference; lastKnownFileType = text.plist.xml; path = Info.plist; sourceTree = "<group>"; };
		2150FEC9265AB9090058FA89 /* FriendlyGuideTests.xctest */ = {isa = PBXFileReference; explicitFileType = wrapper.cfbundle; includeInIndex = 0; path = FriendlyGuideTests.xctest; sourceTree = BUILT_PRODUCTS_DIR; };
		2150FECD265AB9090058FA89 /* FriendlyGuideTests.swift */ = {isa = PBXFileReference; lastKnownFileType = sourcecode.swift; path = FriendlyGuideTests.swift; sourceTree = "<group>"; };
		2150FECF265AB9090058FA89 /* Info.plist */ = {isa = PBXFileReference; lastKnownFileType = text.plist.xml; path = Info.plist; sourceTree = "<group>"; };
		2150FED4265AB9090058FA89 /* FriendlyGuideUITests.xctest */ = {isa = PBXFileReference; explicitFileType = wrapper.cfbundle; includeInIndex = 0; path = FriendlyGuideUITests.xctest; sourceTree = BUILT_PRODUCTS_DIR; };
		2150FED8265AB9090058FA89 /* FriendlyGuideUITests.swift */ = {isa = PBXFileReference; lastKnownFileType = sourcecode.swift; path = FriendlyGuideUITests.swift; sourceTree = "<group>"; };
		2150FEDA265AB9090058FA89 /* Info.plist */ = {isa = PBXFileReference; lastKnownFileType = text.plist.xml; path = Info.plist; sourceTree = "<group>"; };
		2150FEEF265BAC8C0058FA89 /* ChatConnectable.swift */ = {isa = PBXFileReference; lastKnownFileType = sourcecode.swift; path = ChatConnectable.swift; sourceTree = "<group>"; };
		2150FEF1265BACCF0058FA89 /* ChatListViewController.swift */ = {isa = PBXFileReference; lastKnownFileType = sourcecode.swift; path = ChatListViewController.swift; sourceTree = "<group>"; };
		2150FEF3265BAD400058FA89 /* ChatTableVewCell.swift */ = {isa = PBXFileReference; lastKnownFileType = sourcecode.swift; path = ChatTableVewCell.swift; sourceTree = "<group>"; };
		2150FEF5265BAF660058FA89 /* ChatInformationRepresentable.swift */ = {isa = PBXFileReference; lastKnownFileType = sourcecode.swift; path = ChatInformationRepresentable.swift; sourceTree = "<group>"; };
		21B71F85265E7D5700460564 /* QBChatManager.swift */ = {isa = PBXFileReference; lastKnownFileType = sourcecode.swift; path = QBChatManager.swift; sourceTree = "<group>"; };
		21B71F8A265E83B400460564 /* ChatAuthenticator.swift */ = {isa = PBXFileReference; lastKnownFileType = sourcecode.swift; path = ChatAuthenticator.swift; sourceTree = "<group>"; };
		21B71F8C265E8A4100460564 /* QBChatAuthentificator.swift */ = {isa = PBXFileReference; lastKnownFileType = sourcecode.swift; path = QBChatAuthentificator.swift; sourceTree = "<group>"; };
		21B71F8E265E932C00460564 /* ChatViewController.swift */ = {isa = PBXFileReference; lastKnownFileType = sourcecode.swift; path = ChatViewController.swift; sourceTree = "<group>"; };
		21B71F9026600D8F00460564 /* Dialog.swift */ = {isa = PBXFileReference; lastKnownFileType = sourcecode.swift; path = Dialog.swift; sourceTree = "<group>"; };
		21B71F9326600F5A00460564 /* ChatDialogsManager.swift */ = {isa = PBXFileReference; lastKnownFileType = sourcecode.swift; path = ChatDialogsManager.swift; sourceTree = "<group>"; };
		21B71F9526600F9800460564 /* ChatUsersManager.swift */ = {isa = PBXFileReference; lastKnownFileType = sourcecode.swift; path = ChatUsersManager.swift; sourceTree = "<group>"; };
		21B71F972660115D00460564 /* ChatMessagesManager.swift */ = {isa = PBXFileReference; lastKnownFileType = sourcecode.swift; path = ChatMessagesManager.swift; sourceTree = "<group>"; };
		21B71F99266011E600460564 /* ChatManager.swift */ = {isa = PBXFileReference; lastKnownFileType = sourcecode.swift; path = ChatManager.swift; sourceTree = "<group>"; };
		4034CCBF475C093E0C849E16 /* Pods-FriendlyGuideTests.release.xcconfig */ = {isa = PBXFileReference; includeInIndex = 1; lastKnownFileType = text.xcconfig; name = "Pods-FriendlyGuideTests.release.xcconfig"; path = "Target Support Files/Pods-FriendlyGuideTests/Pods-FriendlyGuideTests.release.xcconfig"; sourceTree = "<group>"; };
		5EDBB6865E63CCF3C32EE119 /* Pods_FriendlyGuide_FriendlyGuideUITests.framework */ = {isa = PBXFileReference; explicitFileType = wrapper.framework; includeInIndex = 0; path = Pods_FriendlyGuide_FriendlyGuideUITests.framework; sourceTree = BUILT_PRODUCTS_DIR; };
		69D6F12A6A8DE6CD29BB1B57 /* Pods_FriendlyGuide.framework */ = {isa = PBXFileReference; explicitFileType = wrapper.framework; includeInIndex = 0; path = Pods_FriendlyGuide.framework; sourceTree = BUILT_PRODUCTS_DIR; };
		8CB5D3A3CB0562114B140561 /* Pods-FriendlyGuide-FriendlyGuideUITests.debug.xcconfig */ = {isa = PBXFileReference; includeInIndex = 1; lastKnownFileType = text.xcconfig; name = "Pods-FriendlyGuide-FriendlyGuideUITests.debug.xcconfig"; path = "Target Support Files/Pods-FriendlyGuide-FriendlyGuideUITests/Pods-FriendlyGuide-FriendlyGuideUITests.debug.xcconfig"; sourceTree = "<group>"; };
		C5904683265B0AA700231116 /* TabBarController.swift */ = {isa = PBXFileReference; lastKnownFileType = sourcecode.swift; path = TabBarController.swift; sourceTree = "<group>"; };
		C5904685265B0EAD00231116 /* TravelScreenViewController.swift */ = {isa = PBXFileReference; lastKnownFileType = sourcecode.swift; path = TravelScreenViewController.swift; sourceTree = "<group>"; };
		C5904687265B0F6F00231116 /* MapScreenViewController.swift */ = {isa = PBXFileReference; lastKnownFileType = sourcecode.swift; path = MapScreenViewController.swift; sourceTree = "<group>"; };
		C5904689265B107000231116 /* ProfileScreenViewController.swift */ = {isa = PBXFileReference; lastKnownFileType = sourcecode.swift; path = ProfileScreenViewController.swift; sourceTree = "<group>"; };
		C590468F265B19A400231116 /* UIComponentsFactory.swift */ = {isa = PBXFileReference; lastKnownFileType = sourcecode.swift; path = UIComponentsFactory.swift; sourceTree = "<group>"; };
		C5904691265B1A0B00231116 /* MapScreenView.swift */ = {isa = PBXFileReference; lastKnownFileType = sourcecode.swift; path = MapScreenView.swift; sourceTree = "<group>"; };
		C5904693265B241400231116 /* TravelScreenView.swift */ = {isa = PBXFileReference; lastKnownFileType = sourcecode.swift; path = TravelScreenView.swift; sourceTree = "<group>"; };
		C5904697265B271400231116 /* ProfileScreenView.swift */ = {isa = PBXFileReference; lastKnownFileType = sourcecode.swift; path = ProfileScreenView.swift; sourceTree = "<group>"; };
		C91CEE73265E7DC60052C076 /* AbstractErrorParser.swift */ = {isa = PBXFileReference; fileEncoding = 4; lastKnownFileType = sourcecode.swift; path = AbstractErrorParser.swift; sourceTree = "<group>"; };
		C91CEE74265E7DC60052C076 /* ErrorParser.swift */ = {isa = PBXFileReference; fileEncoding = 4; lastKnownFileType = sourcecode.swift; path = ErrorParser.swift; sourceTree = "<group>"; };
		C91CEE77265E7DC60052C076 /* AbstractRequestFactory.swift */ = {isa = PBXFileReference; fileEncoding = 4; lastKnownFileType = sourcecode.swift; path = AbstractRequestFactory.swift; sourceTree = "<group>"; };
		C91CEE78265E7DC60052C076 /* HttpMethod.swift */ = {isa = PBXFileReference; fileEncoding = 4; lastKnownFileType = sourcecode.swift; path = HttpMethod.swift; sourceTree = "<group>"; };
		C91CEE79265E7DC60052C076 /* EndPointType.swift */ = {isa = PBXFileReference; fileEncoding = 4; lastKnownFileType = sourcecode.swift; path = EndPointType.swift; sourceTree = "<group>"; };
		C91CEE7B265E7DC60052C076 /* ParameterEncoding.swift */ = {isa = PBXFileReference; fileEncoding = 4; lastKnownFileType = sourcecode.swift; path = ParameterEncoding.swift; sourceTree = "<group>"; };
		C91CEE7C265E7DC60052C076 /* URLPathParameterEncoder.swift */ = {isa = PBXFileReference; fileEncoding = 4; lastKnownFileType = sourcecode.swift; path = URLPathParameterEncoder.swift; sourceTree = "<group>"; };
		C91CEE7D265E7DC60052C076 /* JsonParameterEncoder.swift */ = {isa = PBXFileReference; fileEncoding = 4; lastKnownFileType = sourcecode.swift; path = JsonParameterEncoder.swift; sourceTree = "<group>"; };
		C91CEE7F265E7DC60052C076 /* NetworkErrors.swift */ = {isa = PBXFileReference; fileEncoding = 4; lastKnownFileType = sourcecode.swift; path = NetworkErrors.swift; sourceTree = "<group>"; };
		C91CEE8B265E7E160052C076 /* CityName.swift */ = {isa = PBXFileReference; fileEncoding = 4; lastKnownFileType = sourcecode.swift; path = CityName.swift; sourceTree = "<group>"; };
		C91CEE8C265E7E160052C076 /* CityDetail.swift */ = {isa = PBXFileReference; fileEncoding = 4; lastKnownFileType = sourcecode.swift; path = CityDetail.swift; sourceTree = "<group>"; };
		C91CEE90265E7E260052C076 /* Coordinates.swift */ = {isa = PBXFileReference; fileEncoding = 4; lastKnownFileType = sourcecode.swift; path = Coordinates.swift; sourceTree = "<group>"; };
		C91CEE93265E7E2F0052C076 /* CityNamesResource.swift */ = {isa = PBXFileReference; fileEncoding = 4; lastKnownFileType = sourcecode.swift; path = CityNamesResource.swift; sourceTree = "<group>"; };
		C91CEE97265E7E550052C076 /* GetCityNamesFactory.swift */ = {isa = PBXFileReference; fileEncoding = 4; lastKnownFileType = sourcecode.swift; path = GetCityNamesFactory.swift; sourceTree = "<group>"; };
		C91CEE98265E7E550052C076 /* GetCityNames.swift */ = {isa = PBXFileReference; fileEncoding = 4; lastKnownFileType = sourcecode.swift; path = GetCityNames.swift; sourceTree = "<group>"; };
		C91CEE9A265E7E550052C076 /* RequestFactory.swift */ = {isa = PBXFileReference; fileEncoding = 4; lastKnownFileType = sourcecode.swift; path = RequestFactory.swift; sourceTree = "<group>"; };
		C91CEEA0265E95A20052C076 /* EventDetail.swift */ = {isa = PBXFileReference; lastKnownFileType = sourcecode.swift; path = EventDetail.swift; sourceTree = "<group>"; };
		C91CEEA2265E96F30052C076 /* DateElement.swift */ = {isa = PBXFileReference; lastKnownFileType = sourcecode.swift; path = DateElement.swift; sourceTree = "<group>"; };
		C91CEEA4265E97150052C076 /* Image.swift */ = {isa = PBXFileReference; lastKnownFileType = sourcecode.swift; path = Image.swift; sourceTree = "<group>"; };
		C91CEEA6265E97350052C076 /* ImageSource.swift */ = {isa = PBXFileReference; lastKnownFileType = sourcecode.swift; path = ImageSource.swift; sourceTree = "<group>"; };
		C91CEEA8265E975C0052C076 /* EventLocation.swift */ = {isa = PBXFileReference; lastKnownFileType = sourcecode.swift; path = EventLocation.swift; sourceTree = "<group>"; };
		C91CEEAA265E98100052C076 /* EventParticipant.swift */ = {isa = PBXFileReference; lastKnownFileType = sourcecode.swift; path = EventParticipant.swift; sourceTree = "<group>"; };
		C91CEEAC265E98730052C076 /* EventPlace.swift */ = {isa = PBXFileReference; lastKnownFileType = sourcecode.swift; path = EventPlace.swift; sourceTree = "<group>"; };
		C91CEEAE265E98C80052C076 /* EventAgent.swift */ = {isa = PBXFileReference; lastKnownFileType = sourcecode.swift; path = EventAgent.swift; sourceTree = "<group>"; };
		C91CEEB1265E9A790052C076 /* EventsList.swift */ = {isa = PBXFileReference; lastKnownFileType = sourcecode.swift; path = EventsList.swift; sourceTree = "<group>"; };
		C91CEEB3265E9C110052C076 /* Event.swift */ = {isa = PBXFileReference; lastKnownFileType = sourcecode.swift; path = Event.swift; sourceTree = "<group>"; };
		C91CEEB5265EA1740052C076 /* CityDetailResource.swift */ = {isa = PBXFileReference; lastKnownFileType = sourcecode.swift; path = CityDetailResource.swift; sourceTree = "<group>"; };
		C91CEEB9265EA4820052C076 /* GetCityDetailFactory.swift */ = {isa = PBXFileReference; lastKnownFileType = sourcecode.swift; path = GetCityDetailFactory.swift; sourceTree = "<group>"; };
		C91CEEBB265EA4970052C076 /* GetCityDetail.swift */ = {isa = PBXFileReference; lastKnownFileType = sourcecode.swift; path = GetCityDetail.swift; sourceTree = "<group>"; };
		C9803F1B265FD6B200662332 /* GetEventsListFactory.swift */ = {isa = PBXFileReference; lastKnownFileType = sourcecode.swift; path = GetEventsListFactory.swift; sourceTree = "<group>"; };
		C9803F1D265FD71700662332 /* GetEventsList.swift */ = {isa = PBXFileReference; lastKnownFileType = sourcecode.swift; path = GetEventsList.swift; sourceTree = "<group>"; };
		C9803F20265FE0CF00662332 /* GetEventDetailFactory.swift */ = {isa = PBXFileReference; lastKnownFileType = sourcecode.swift; path = GetEventDetailFactory.swift; sourceTree = "<group>"; };
		C9803F22265FE0E300662332 /* GetEventDetail.swift */ = {isa = PBXFileReference; lastKnownFileType = sourcecode.swift; path = GetEventDetail.swift; sourceTree = "<group>"; };
		C9803F25265FFA3400662332 /* DayEventsList.swift */ = {isa = PBXFileReference; lastKnownFileType = sourcecode.swift; path = DayEventsList.swift; sourceTree = "<group>"; };
		C9803F27265FFBE200662332 /* DayEvent.swift */ = {isa = PBXFileReference; lastKnownFileType = sourcecode.swift; path = DayEvent.swift; sourceTree = "<group>"; };
		C9803F29265FFD4800662332 /* EventType.swift */ = {isa = PBXFileReference; lastKnownFileType = sourcecode.swift; path = EventType.swift; sourceTree = "<group>"; };
		C9803F2D2660001800662332 /* NewsList.swift */ = {isa = PBXFileReference; lastKnownFileType = sourcecode.swift; path = NewsList.swift; sourceTree = "<group>"; };
		C9803F302660006F00662332 /* News.swift */ = {isa = PBXFileReference; lastKnownFileType = sourcecode.swift; path = News.swift; sourceTree = "<group>"; };
		C9803F332660011700662332 /* NewsDetail.swift */ = {isa = PBXFileReference; lastKnownFileType = sourcecode.swift; path = NewsDetail.swift; sourceTree = "<group>"; };
		C9803F35266001DF00662332 /* NewsImage.swift */ = {isa = PBXFileReference; lastKnownFileType = sourcecode.swift; path = NewsImage.swift; sourceTree = "<group>"; };
		C9803F372660021400662332 /* NewsPlace.swift */ = {isa = PBXFileReference; lastKnownFileType = sourcecode.swift; path = NewsPlace.swift; sourceTree = "<group>"; };
		C9803F3B266004C400662332 /* PlacesList.swift */ = {isa = PBXFileReference; lastKnownFileType = sourcecode.swift; path = PlacesList.swift; sourceTree = "<group>"; };
		C9803F3D2660061600662332 /* Places.swift */ = {isa = PBXFileReference; lastKnownFileType = sourcecode.swift; path = Places.swift; sourceTree = "<group>"; };
		C9803F40266006A300662332 /* PlaceDetail.swift */ = {isa = PBXFileReference; lastKnownFileType = sourcecode.swift; path = PlaceDetail.swift; sourceTree = "<group>"; };
		C9803F422660077E00662332 /* PlaceImage.swift */ = {isa = PBXFileReference; lastKnownFileType = sourcecode.swift; path = PlaceImage.swift; sourceTree = "<group>"; };
		C9EB114D265FCF6E00215A37 /* EventDetailResource.swift */ = {isa = PBXFileReference; lastKnownFileType = sourcecode.swift; path = EventDetailResource.swift; sourceTree = "<group>"; };
		C9EB114F265FCF8F00215A37 /* EventsListResource.swift */ = {isa = PBXFileReference; lastKnownFileType = sourcecode.swift; path = EventsListResource.swift; sourceTree = "<group>"; };
		CE002376636440E6DCE35FBA /* Pods-FriendlyGuideTests.debug.xcconfig */ = {isa = PBXFileReference; includeInIndex = 1; lastKnownFileType = text.xcconfig; name = "Pods-FriendlyGuideTests.debug.xcconfig"; path = "Target Support Files/Pods-FriendlyGuideTests/Pods-FriendlyGuideTests.debug.xcconfig"; sourceTree = "<group>"; };
		EE7CC528BA65E998B145C20A /* Pods-FriendlyGuide.debug.xcconfig */ = {isa = PBXFileReference; includeInIndex = 1; lastKnownFileType = text.xcconfig; name = "Pods-FriendlyGuide.debug.xcconfig"; path = "Target Support Files/Pods-FriendlyGuide/Pods-FriendlyGuide.debug.xcconfig"; sourceTree = "<group>"; };
/* End PBXFileReference section */

/* Begin PBXFrameworksBuildPhase section */
		2150FEB0265AB9070058FA89 /* Frameworks */ = {
			isa = PBXFrameworksBuildPhase;
			buildActionMask = 2147483647;
			files = (
				DA302840DF4D0B0C33487407 /* Pods_FriendlyGuide.framework in Frameworks */,
			);
			runOnlyForDeploymentPostprocessing = 0;
		};
		2150FEC6265AB9090058FA89 /* Frameworks */ = {
			isa = PBXFrameworksBuildPhase;
			buildActionMask = 2147483647;
			files = (
				B768E637D8ED434D98E87DC3 /* Pods_FriendlyGuideTests.framework in Frameworks */,
			);
			runOnlyForDeploymentPostprocessing = 0;
		};
		2150FED1265AB9090058FA89 /* Frameworks */ = {
			isa = PBXFrameworksBuildPhase;
			buildActionMask = 2147483647;
			files = (
				017A3E4F7AF543837DC02CD7 /* Pods_FriendlyGuide_FriendlyGuideUITests.framework in Frameworks */,
			);
			runOnlyForDeploymentPostprocessing = 0;
		};
/* End PBXFrameworksBuildPhase section */

/* Begin PBXGroup section */
		1207F27390D1BF531A718BDB /* Pods */ = {
			isa = PBXGroup;
			children = (
				EE7CC528BA65E998B145C20A /* Pods-FriendlyGuide.debug.xcconfig */,
				13702F993F2CF8FFDC1C0C0A /* Pods-FriendlyGuide.release.xcconfig */,
				8CB5D3A3CB0562114B140561 /* Pods-FriendlyGuide-FriendlyGuideUITests.debug.xcconfig */,
				17D3CD1E21A8270E4E5699B4 /* Pods-FriendlyGuide-FriendlyGuideUITests.release.xcconfig */,
				CE002376636440E6DCE35FBA /* Pods-FriendlyGuideTests.debug.xcconfig */,
				4034CCBF475C093E0C849E16 /* Pods-FriendlyGuideTests.release.xcconfig */,
			);
			path = Pods;
			sourceTree = "<group>";
		};
		2150FEAA265AB9070058FA89 = {
			isa = PBXGroup;
			children = (
				2150FEB5265AB9070058FA89 /* FriendlyGuide */,
				2150FECC265AB9090058FA89 /* FriendlyGuideTests */,
				2150FED7265AB9090058FA89 /* FriendlyGuideUITests */,
				2150FEB4265AB9070058FA89 /* Products */,
				1207F27390D1BF531A718BDB /* Pods */,
				43B513E69338F43FDD6A721D /* Frameworks */,
			);
			sourceTree = "<group>";
		};
		2150FEB4265AB9070058FA89 /* Products */ = {
			isa = PBXGroup;
			children = (
				2150FEB3265AB9070058FA89 /* FriendlyGuide.app */,
				2150FEC9265AB9090058FA89 /* FriendlyGuideTests.xctest */,
				2150FED4265AB9090058FA89 /* FriendlyGuideUITests.xctest */,
			);
			name = Products;
			sourceTree = "<group>";
		};
		2150FEB5265AB9070058FA89 /* FriendlyGuide */ = {
			isa = PBXGroup;
			children = (
				2150FEE6265ABE500058FA89 /* App */,
				2150FEEB265ABE8A0058FA89 /* Core */,
				2150FEEC265ABE980058FA89 /* Resources */,
				2150FEED265ABEA10058FA89 /* Environments */,
			);
			path = FriendlyGuide;
			sourceTree = "<group>";
		};
		2150FECC265AB9090058FA89 /* FriendlyGuideTests */ = {
			isa = PBXGroup;
			children = (
				2150FECD265AB9090058FA89 /* FriendlyGuideTests.swift */,
				2150FECF265AB9090058FA89 /* Info.plist */,
			);
			path = FriendlyGuideTests;
			sourceTree = "<group>";
		};
		2150FED7265AB9090058FA89 /* FriendlyGuideUITests */ = {
			isa = PBXGroup;
			children = (
				2150FED8265AB9090058FA89 /* FriendlyGuideUITests.swift */,
				2150FEDA265AB9090058FA89 /* Info.plist */,
			);
			path = FriendlyGuideUITests;
			sourceTree = "<group>";
		};
		2150FEE6265ABE500058FA89 /* App */ = {
			isa = PBXGroup;
			children = (
				2150FEB6265AB9070058FA89 /* AppDelegate.swift */,
				2150FEB8265AB9070058FA89 /* SceneDelegate.swift */,
				2150FEE7265ABE580058FA89 /* BusinessLogic */,
				2150FEE8265ABE5D0058FA89 /* Entity */,
				2150FEE9265ABE630058FA89 /* Assembly */,
				2150FEEA265ABE730058FA89 /* Flows */,
			);
			path = App;
			sourceTree = "<group>";
		};
		2150FEE7265ABE580058FA89 /* BusinessLogic */ = {
			isa = PBXGroup;
			children = (
				21B71F99266011E600460564 /* ChatManager.swift */,
				21B71F9326600F5A00460564 /* ChatDialogsManager.swift */,
				21B71F9526600F9800460564 /* ChatUsersManager.swift */,
				21B71F972660115D00460564 /* ChatMessagesManager.swift */,
				21B71F89265E82EB00460564 /* Chat */,
			);
			path = BusinessLogic;
			sourceTree = "<group>";
		};
		2150FEE8265ABE5D0058FA89 /* Entity */ = {
			isa = PBXGroup;
			children = (
				21B71F9226600D9A00460564 /* Dialog Models */,
				21B71F87265E7F2200460564 /* User Models */,
				2150FEF5265BAF660058FA89 /* ChatInformationRepresentable.swift */,
			);
			path = Entity;
			sourceTree = "<group>";
		};
		2150FEE9265ABE630058FA89 /* Assembly */ = {
			isa = PBXGroup;
			children = (
				2150FEEE265B7FE20058FA89 /* Factories */,
			);
			path = Assembly;
			sourceTree = "<group>";
		};
		2150FEEA265ABE730058FA89 /* Flows */ = {
			isa = PBXGroup;
			children = (
				C5904681265B0A3800231116 /* TabBarController */,
				C5904675265B080100231116 /* TravelScreen */,
				C5904678265B083900231116 /* MapScreen */,
				C590467B265B088600231116 /* ChatScreen */,
				C590467E265B08AF00231116 /* ProfileScreen */,
			);
			path = Flows;
			sourceTree = "<group>";
		};
		2150FEEB265ABE8A0058FA89 /* Core */ = {
			isa = PBXGroup;
			children = (
				C91CEE70265E7DC60052C076 /* Network */,
			);
			path = Core;
			sourceTree = "<group>";
		};
		2150FEEC265ABE980058FA89 /* Resources */ = {
			isa = PBXGroup;
			children = (
				2150FEC1265AB9090058FA89 /* LaunchScreen.storyboard */,
				2150FEBF265AB9090058FA89 /* Assets.xcassets */,
			);
			path = Resources;
			sourceTree = "<group>";
		};
		2150FEED265ABEA10058FA89 /* Environments */ = {
			isa = PBXGroup;
			children = (
				2150FEC4265AB9090058FA89 /* Info.plist */,
			);
			path = Environments;
			sourceTree = "<group>";
		};
		2150FEEE265B7FE20058FA89 /* Factories */ = {
			isa = PBXGroup;
			children = (
				C590468F265B19A400231116 /* UIComponentsFactory.swift */,
			);
			path = Factories;
			sourceTree = "<group>";
		};
		21B71F87265E7F2200460564 /* User Models */ = {
			isa = PBXGroup;
			children = (
				21B71F88265E7F2B00460564 /* Chat Users */,
			);
			path = "User Models";
			sourceTree = "<group>";
		};
		21B71F88265E7F2B00460564 /* Chat Users */ = {
			isa = PBXGroup;
			children = (
				2150FEEF265BAC8C0058FA89 /* ChatConnectable.swift */,
			);
			path = "Chat Users";
			sourceTree = "<group>";
		};
		21B71F89265E82EB00460564 /* Chat */ = {
			isa = PBXGroup;
			children = (
				21B71F85265E7D5700460564 /* QBChatManager.swift */,
				21B71F8A265E83B400460564 /* ChatAuthenticator.swift */,
				21B71F8C265E8A4100460564 /* QBChatAuthentificator.swift */,
			);
			path = Chat;
			sourceTree = "<group>";
		};
		21B71F9226600D9A00460564 /* Dialog Models */ = {
			isa = PBXGroup;
			children = (
				21B71F9026600D8F00460564 /* Dialog.swift */,
			);
			path = "Dialog Models";
			sourceTree = "<group>";
		};
		43B513E69338F43FDD6A721D /* Frameworks */ = {
			isa = PBXGroup;
			children = (
				69D6F12A6A8DE6CD29BB1B57 /* Pods_FriendlyGuide.framework */,
				5EDBB6865E63CCF3C32EE119 /* Pods_FriendlyGuide_FriendlyGuideUITests.framework */,
				0340E5B5743E55E0B324EE73 /* Pods_FriendlyGuideTests.framework */,
			);
			name = Frameworks;
			sourceTree = "<group>";
		};
		C5904675265B080100231116 /* TravelScreen */ = {
			isa = PBXGroup;
			children = (
				C5904676265B080800231116 /* View */,
				C5904677265B080F00231116 /* ViewController */,
			);
			path = TravelScreen;
			sourceTree = "<group>";
		};
		C5904676265B080800231116 /* View */ = {
			isa = PBXGroup;
			children = (
				C5904693265B241400231116 /* TravelScreenView.swift */,
			);
			path = View;
			sourceTree = "<group>";
		};
		C5904677265B080F00231116 /* ViewController */ = {
			isa = PBXGroup;
			children = (
				C5904685265B0EAD00231116 /* TravelScreenViewController.swift */,
			);
			path = ViewController;
			sourceTree = "<group>";
		};
		C5904678265B083900231116 /* MapScreen */ = {
			isa = PBXGroup;
			children = (
				C590467A265B086500231116 /* View */,
				C5904679265B085600231116 /* ViewController */,
			);
			path = MapScreen;
			sourceTree = "<group>";
		};
		C5904679265B085600231116 /* ViewController */ = {
			isa = PBXGroup;
			children = (
				C5904687265B0F6F00231116 /* MapScreenViewController.swift */,
			);
			path = ViewController;
			sourceTree = "<group>";
		};
		C590467A265B086500231116 /* View */ = {
			isa = PBXGroup;
			children = (
				C5904691265B1A0B00231116 /* MapScreenView.swift */,
			);
			path = View;
			sourceTree = "<group>";
		};
		C590467B265B088600231116 /* ChatScreen */ = {
			isa = PBXGroup;
			children = (
				2150FEF1265BACCF0058FA89 /* ChatListViewController.swift */,
				2150FEF3265BAD400058FA89 /* ChatTableVewCell.swift */,
				21B71F8E265E932C00460564 /* ChatViewController.swift */,
			);
			path = ChatScreen;
			sourceTree = "<group>";
		};
		C590467E265B08AF00231116 /* ProfileScreen */ = {
			isa = PBXGroup;
			children = (
				C5904680265B08E200231116 /* View */,
				C590467F265B08D500231116 /* ViewController */,
			);
			path = ProfileScreen;
			sourceTree = "<group>";
		};
		C590467F265B08D500231116 /* ViewController */ = {
			isa = PBXGroup;
			children = (
				C5904689265B107000231116 /* ProfileScreenViewController.swift */,
			);
			path = ViewController;
			sourceTree = "<group>";
		};
		C5904680265B08E200231116 /* View */ = {
			isa = PBXGroup;
			children = (
				C5904697265B271400231116 /* ProfileScreenView.swift */,
			);
			path = View;
			sourceTree = "<group>";
		};
		C5904681265B0A3800231116 /* TabBarController */ = {
			isa = PBXGroup;
			children = (
				C5904682265B0A3E00231116 /* ViewController */,
			);
			path = TabBarController;
			sourceTree = "<group>";
		};
		C5904682265B0A3E00231116 /* ViewController */ = {
			isa = PBXGroup;
			children = (
				C5904683265B0AA700231116 /* TabBarController.swift */,
			);
			path = ViewController;
			sourceTree = "<group>";
		};
		C91CEE70265E7DC60052C076 /* Network */ = {
			isa = PBXGroup;
			children = (
				C91CEE71265E7DC60052C076 /* Parser */,
				C91CEE76265E7DC60052C076 /* NetworkService */,
				C91CEE7A265E7DC60052C076 /* ParameterEncoding */,
				C91CEE7E265E7DC60052C076 /* NetworkErrors */,
			);
			path = Network;
			sourceTree = "<group>";
		};
		C91CEE71265E7DC60052C076 /* Parser */ = {
			isa = PBXGroup;
			children = (
				C91CEE72265E7DC60052C076 /* ErrorParser */,
			);
			path = Parser;
			sourceTree = "<group>";
		};
		C91CEE72265E7DC60052C076 /* ErrorParser */ = {
			isa = PBXGroup;
			children = (
				C91CEE73265E7DC60052C076 /* AbstractErrorParser.swift */,
				C91CEE74265E7DC60052C076 /* ErrorParser.swift */,
			);
			path = ErrorParser;
			sourceTree = "<group>";
		};
		C91CEE76265E7DC60052C076 /* NetworkService */ = {
			isa = PBXGroup;
			children = (
				C91CEE77265E7DC60052C076 /* AbstractRequestFactory.swift */,
				C91CEE78265E7DC60052C076 /* HttpMethod.swift */,
				C91CEE79265E7DC60052C076 /* EndPointType.swift */,
			);
			path = NetworkService;
			sourceTree = "<group>";
		};
		C91CEE7A265E7DC60052C076 /* ParameterEncoding */ = {
			isa = PBXGroup;
			children = (
				C91CEE7B265E7DC60052C076 /* ParameterEncoding.swift */,
				C91CEE7C265E7DC60052C076 /* URLPathParameterEncoder.swift */,
				C91CEE7D265E7DC60052C076 /* JsonParameterEncoder.swift */,
			);
			path = ParameterEncoding;
			sourceTree = "<group>";
		};
		C91CEE7E265E7DC60052C076 /* NetworkErrors */ = {
			isa = PBXGroup;
			children = (
				C91CEE7F265E7DC60052C076 /* NetworkErrors.swift */,
			);
			path = NetworkErrors;
			sourceTree = "<group>";
		};
		C91CEE8A265E7E160052C076 /* Cities */ = {
			isa = PBXGroup;
			children = (
				C91CEE8B265E7E160052C076 /* CityName.swift */,
				C91CEE8C265E7E160052C076 /* CityDetail.swift */,
			);
			path = Cities;
			sourceTree = "<group>";
		};
		C91CEE8F265E7E260052C076 /* Coordinates */ = {
			isa = PBXGroup;
			children = (
				C91CEE90265E7E260052C076 /* Coordinates.swift */,
			);
			path = Coordinates;
			sourceTree = "<group>";
		};
		C91CEE92265E7E2F0052C076 /* EndPoints */ = {
			isa = PBXGroup;
			children = (
				C9EB114C265FCD3500215A37 /* EventsResource */,
				C9EB114B265FCD2000215A37 /* CitiesResource */,
			);
			path = EndPoints;
			sourceTree = "<group>";
		};
		C91CEE95265E7E550052C076 /* Network */ = {
			isa = PBXGroup;
			children = (
				C91CEE99265E7E550052C076 /* RequestFactory */,
				C9803F19265FD65200662332 /* Events */,
				C91CEE96265E7E550052C076 /* Cities */,
			);
			path = Network;
			sourceTree = "<group>";
		};
		C91CEE96265E7E550052C076 /* Cities */ = {
			isa = PBXGroup;
			children = (
				C91CEEB8265EA3A80052C076 /* CityDetail */,
				C91CEEB7265EA3820052C076 /* CityNames */,
			);
			path = Cities;
			sourceTree = "<group>";
		};
		C91CEE99265E7E550052C076 /* RequestFactory */ = {
			isa = PBXGroup;
			children = (
				C91CEE9A265E7E550052C076 /* RequestFactory.swift */,
			);
			path = RequestFactory;
			sourceTree = "<group>";
		};
		C91CEE9E265E81620052C076 /* Events */ = {
			isa = PBXGroup;
			children = (
				C9803F24265FF97900662332 /* DayEvents */,
				C91CEEB0265E9A440052C076 /* EventsList */,
				C91CEE9F265E957B0052C076 /* EventDetail */,
			);
			path = Events;
			sourceTree = "<group>";
		};
		C91CEE9F265E957B0052C076 /* EventDetail */ = {
			isa = PBXGroup;
			children = (
				C91CEEA0265E95A20052C076 /* EventDetail.swift */,
				C91CEEA2265E96F30052C076 /* DateElement.swift */,
				C91CEEA4265E97150052C076 /* Image.swift */,
				C91CEEA6265E97350052C076 /* ImageSource.swift */,
				C91CEEA8265E975C0052C076 /* EventLocation.swift */,
				C91CEEAA265E98100052C076 /* EventParticipant.swift */,
				C91CEEAC265E98730052C076 /* EventPlace.swift */,
				C91CEEAE265E98C80052C076 /* EventAgent.swift */,
			);
			path = EventDetail;
			sourceTree = "<group>";
		};
		C91CEEB0265E9A440052C076 /* EventsList */ = {
			isa = PBXGroup;
			children = (
				C91CEEB1265E9A790052C076 /* EventsList.swift */,
				C91CEEB3265E9C110052C076 /* Event.swift */,
			);
			path = EventsList;
			sourceTree = "<group>";
		};
		C91CEEB7265EA3820052C076 /* CityNames */ = {
			isa = PBXGroup;
			children = (
				C91CEE97265E7E550052C076 /* GetCityNamesFactory.swift */,
				C91CEE98265E7E550052C076 /* GetCityNames.swift */,
			);
			path = CityNames;
			sourceTree = "<group>";
		};
		C91CEEB8265EA3A80052C076 /* CityDetail */ = {
			isa = PBXGroup;
			children = (
				C91CEEB9265EA4820052C076 /* GetCityDetailFactory.swift */,
				C91CEEBB265EA4970052C076 /* GetCityDetail.swift */,
			);
			path = CityDetail;
			sourceTree = "<group>";
		};
		C9803F19265FD65200662332 /* Events */ = {
			isa = PBXGroup;
			children = (
				C9803F1F265FDF9700662332 /* EventDetail */,
				C9803F1A265FD68200662332 /* EventsList */,
			);
			path = Events;
			sourceTree = "<group>";
		};
		C9803F1A265FD68200662332 /* EventsList */ = {
			isa = PBXGroup;
			children = (
				C9803F1B265FD6B200662332 /* GetEventsListFactory.swift */,
				C9803F1D265FD71700662332 /* GetEventsList.swift */,
			);
			path = EventsList;
			sourceTree = "<group>";
		};
		C9803F1F265FDF9700662332 /* EventDetail */ = {
			isa = PBXGroup;
			children = (
				C9803F20265FE0CF00662332 /* GetEventDetailFactory.swift */,
				C9803F22265FE0E300662332 /* GetEventDetail.swift */,
			);
			path = EventDetail;
			sourceTree = "<group>";
		};
		C9803F24265FF97900662332 /* DayEvents */ = {
			isa = PBXGroup;
			children = (
				C9803F25265FFA3400662332 /* DayEventsList.swift */,
				C9803F27265FFBE200662332 /* DayEvent.swift */,
				C9803F29265FFD4800662332 /* EventType.swift */,
			);
			path = DayEvents;
			sourceTree = "<group>";
		};
		C9803F2B265FFFF300662332 /* News */ = {
			isa = PBXGroup;
			children = (
				C9803F322660010100662332 /* NewsDetail */,
				C9803F2C265FFFFE00662332 /* NewsList */,
			);
			path = News;
			sourceTree = "<group>";
		};
		C9803F2C265FFFFE00662332 /* NewsList */ = {
			isa = PBXGroup;
			children = (
				C9803F2D2660001800662332 /* NewsList.swift */,
				C9803F302660006F00662332 /* News.swift */,
			);
			path = NewsList;
			sourceTree = "<group>";
		};
		C9803F322660010100662332 /* NewsDetail */ = {
			isa = PBXGroup;
			children = (
				C9803F332660011700662332 /* NewsDetail.swift */,
				C9803F35266001DF00662332 /* NewsImage.swift */,
				C9803F372660021400662332 /* NewsPlace.swift */,
			);
			path = NewsDetail;
			sourceTree = "<group>";
		};
		C9803F392660045300662332 /* Places */ = {
			isa = PBXGroup;
			children = (
				C9803F3F2660068A00662332 /* PlaceDetail */,
				C9803F3A2660049F00662332 /* PlacesList */,
			);
			path = Places;
			sourceTree = "<group>";
		};
		C9803F3A2660049F00662332 /* PlacesList */ = {
			isa = PBXGroup;
			children = (
				C9803F3B266004C400662332 /* PlacesList.swift */,
				C9803F3D2660061600662332 /* Places.swift */,
			);
			path = PlacesList;
			sourceTree = "<group>";
		};
		C9803F3F2660068A00662332 /* PlaceDetail */ = {
			isa = PBXGroup;
			children = (
				C9803F40266006A300662332 /* PlaceDetail.swift */,
				C9803F422660077E00662332 /* PlaceImage.swift */,
			);
			path = PlaceDetail;
			sourceTree = "<group>";
		};
		C9EB114B265FCD2000215A37 /* CitiesResource */ = {
			isa = PBXGroup;
			children = (
				C91CEE93265E7E2F0052C076 /* CityNamesResource.swift */,
				C91CEEB5265EA1740052C076 /* CityDetailResource.swift */,
			);
			path = CitiesResource;
			sourceTree = "<group>";
		};
		C9EB114C265FCD3500215A37 /* EventsResource */ = {
			isa = PBXGroup;
			children = (
				C9EB114D265FCF6E00215A37 /* EventDetailResource.swift */,
				C9EB114F265FCF8F00215A37 /* EventsListResource.swift */,
			);
			path = EventsResource;
			sourceTree = "<group>";
		};
/* End PBXGroup section */

/* Begin PBXNativeTarget section */
		2150FEB2265AB9070058FA89 /* FriendlyGuide */ = {
			isa = PBXNativeTarget;
			buildConfigurationList = 2150FEDD265AB9090058FA89 /* Build configuration list for PBXNativeTarget "FriendlyGuide" */;
			buildPhases = (
				B17F76EF428781984C706742 /* [CP] Check Pods Manifest.lock */,
				2150FEAF265AB9070058FA89 /* Sources */,
				2150FEB0265AB9070058FA89 /* Frameworks */,
				2150FEB1265AB9070058FA89 /* Resources */,
				663F742B8619D7A3F425123F /* [CP] Copy Pods Resources */,
				8AB1F1B90D3D9C83D993E080 /* [CP] Embed Pods Frameworks */,
			);
			buildRules = (
			);
			dependencies = (
			);
			name = FriendlyGuide;
			productName = FriendlyGuide;
			productReference = 2150FEB3265AB9070058FA89 /* FriendlyGuide.app */;
			productType = "com.apple.product-type.application";
		};
		2150FEC8265AB9090058FA89 /* FriendlyGuideTests */ = {
			isa = PBXNativeTarget;
			buildConfigurationList = 2150FEE0265AB9090058FA89 /* Build configuration list for PBXNativeTarget "FriendlyGuideTests" */;
			buildPhases = (
				D40E0DA8AC3D71004034D99D /* [CP] Check Pods Manifest.lock */,
				2150FEC5265AB9090058FA89 /* Sources */,
				2150FEC6265AB9090058FA89 /* Frameworks */,
				2150FEC7265AB9090058FA89 /* Resources */,
			);
			buildRules = (
			);
			dependencies = (
				2150FECB265AB9090058FA89 /* PBXTargetDependency */,
			);
			name = FriendlyGuideTests;
			productName = FriendlyGuideTests;
			productReference = 2150FEC9265AB9090058FA89 /* FriendlyGuideTests.xctest */;
			productType = "com.apple.product-type.bundle.unit-test";
		};
		2150FED3265AB9090058FA89 /* FriendlyGuideUITests */ = {
			isa = PBXNativeTarget;
			buildConfigurationList = 2150FEE3265AB9090058FA89 /* Build configuration list for PBXNativeTarget "FriendlyGuideUITests" */;
			buildPhases = (
				FA22CD48B697402C1F5E2F8C /* [CP] Check Pods Manifest.lock */,
				2150FED0265AB9090058FA89 /* Sources */,
				2150FED1265AB9090058FA89 /* Frameworks */,
				2150FED2265AB9090058FA89 /* Resources */,
				645620ABA3ACEAC8F388A8A9 /* [CP] Copy Pods Resources */,
				D9BC85FC1DDC8CA30FDB8786 /* [CP] Embed Pods Frameworks */,
			);
			buildRules = (
			);
			dependencies = (
				2150FED6265AB9090058FA89 /* PBXTargetDependency */,
			);
			name = FriendlyGuideUITests;
			productName = FriendlyGuideUITests;
			productReference = 2150FED4265AB9090058FA89 /* FriendlyGuideUITests.xctest */;
			productType = "com.apple.product-type.bundle.ui-testing";
		};
/* End PBXNativeTarget section */

/* Begin PBXProject section */
		2150FEAB265AB9070058FA89 /* Project object */ = {
			isa = PBXProject;
			attributes = {
				LastSwiftUpdateCheck = 1250;
				LastUpgradeCheck = 1250;
				TargetAttributes = {
					2150FEB2265AB9070058FA89 = {
						CreatedOnToolsVersion = 12.5;
					};
					2150FEC8265AB9090058FA89 = {
						CreatedOnToolsVersion = 12.5;
						TestTargetID = 2150FEB2265AB9070058FA89;
					};
					2150FED3265AB9090058FA89 = {
						CreatedOnToolsVersion = 12.5;
						TestTargetID = 2150FEB2265AB9070058FA89;
					};
				};
			};
			buildConfigurationList = 2150FEAE265AB9070058FA89 /* Build configuration list for PBXProject "FriendlyGuide" */;
			compatibilityVersion = "Xcode 9.3";
			developmentRegion = en;
			hasScannedForEncodings = 0;
			knownRegions = (
				en,
				Base,
			);
			mainGroup = 2150FEAA265AB9070058FA89;
			productRefGroup = 2150FEB4265AB9070058FA89 /* Products */;
			projectDirPath = "";
			projectRoot = "";
			targets = (
				2150FEB2265AB9070058FA89 /* FriendlyGuide */,
				2150FEC8265AB9090058FA89 /* FriendlyGuideTests */,
				2150FED3265AB9090058FA89 /* FriendlyGuideUITests */,
			);
		};
/* End PBXProject section */

/* Begin PBXResourcesBuildPhase section */
		2150FEB1265AB9070058FA89 /* Resources */ = {
			isa = PBXResourcesBuildPhase;
			buildActionMask = 2147483647;
			files = (
				2150FEC3265AB9090058FA89 /* LaunchScreen.storyboard in Resources */,
				2150FEC0265AB9090058FA89 /* Assets.xcassets in Resources */,
			);
			runOnlyForDeploymentPostprocessing = 0;
		};
		2150FEC7265AB9090058FA89 /* Resources */ = {
			isa = PBXResourcesBuildPhase;
			buildActionMask = 2147483647;
			files = (
			);
			runOnlyForDeploymentPostprocessing = 0;
		};
		2150FED2265AB9090058FA89 /* Resources */ = {
			isa = PBXResourcesBuildPhase;
			buildActionMask = 2147483647;
			files = (
			);
			runOnlyForDeploymentPostprocessing = 0;
		};
/* End PBXResourcesBuildPhase section */

/* Begin PBXShellScriptBuildPhase section */
		645620ABA3ACEAC8F388A8A9 /* [CP] Copy Pods Resources */ = {
			isa = PBXShellScriptBuildPhase;
			buildActionMask = 2147483647;
			files = (
			);
			inputFileListPaths = (
				"${PODS_ROOT}/Target Support Files/Pods-FriendlyGuide-FriendlyGuideUITests/Pods-FriendlyGuide-FriendlyGuideUITests-resources-${CONFIGURATION}-input-files.xcfilelist",
			);
			name = "[CP] Copy Pods Resources";
			outputFileListPaths = (
				"${PODS_ROOT}/Target Support Files/Pods-FriendlyGuide-FriendlyGuideUITests/Pods-FriendlyGuide-FriendlyGuideUITests-resources-${CONFIGURATION}-output-files.xcfilelist",
			);
			runOnlyForDeploymentPostprocessing = 0;
			shellPath = /bin/sh;
			shellScript = "\"${PODS_ROOT}/Target Support Files/Pods-FriendlyGuide-FriendlyGuideUITests/Pods-FriendlyGuide-FriendlyGuideUITests-resources.sh\"\n";
			showEnvVarsInLog = 0;
		};
		663F742B8619D7A3F425123F /* [CP] Copy Pods Resources */ = {
			isa = PBXShellScriptBuildPhase;
			buildActionMask = 2147483647;
			files = (
			);
			inputFileListPaths = (
				"${PODS_ROOT}/Target Support Files/Pods-FriendlyGuide/Pods-FriendlyGuide-resources-${CONFIGURATION}-input-files.xcfilelist",
			);
			name = "[CP] Copy Pods Resources";
			outputFileListPaths = (
				"${PODS_ROOT}/Target Support Files/Pods-FriendlyGuide/Pods-FriendlyGuide-resources-${CONFIGURATION}-output-files.xcfilelist",
			);
			runOnlyForDeploymentPostprocessing = 0;
			shellPath = /bin/sh;
			shellScript = "\"${PODS_ROOT}/Target Support Files/Pods-FriendlyGuide/Pods-FriendlyGuide-resources.sh\"\n";
			showEnvVarsInLog = 0;
		};
		8AB1F1B90D3D9C83D993E080 /* [CP] Embed Pods Frameworks */ = {
			isa = PBXShellScriptBuildPhase;
			buildActionMask = 2147483647;
			files = (
			);
			inputFileListPaths = (
				"${PODS_ROOT}/Target Support Files/Pods-FriendlyGuide/Pods-FriendlyGuide-frameworks-${CONFIGURATION}-input-files.xcfilelist",
			);
			name = "[CP] Embed Pods Frameworks";
			outputFileListPaths = (
				"${PODS_ROOT}/Target Support Files/Pods-FriendlyGuide/Pods-FriendlyGuide-frameworks-${CONFIGURATION}-output-files.xcfilelist",
			);
			runOnlyForDeploymentPostprocessing = 0;
			shellPath = /bin/sh;
			shellScript = "\"${PODS_ROOT}/Target Support Files/Pods-FriendlyGuide/Pods-FriendlyGuide-frameworks.sh\"\n";
			showEnvVarsInLog = 0;
		};
		B17F76EF428781984C706742 /* [CP] Check Pods Manifest.lock */ = {
			isa = PBXShellScriptBuildPhase;
			buildActionMask = 2147483647;
			files = (
			);
			inputFileListPaths = (
			);
			inputPaths = (
				"${PODS_PODFILE_DIR_PATH}/Podfile.lock",
				"${PODS_ROOT}/Manifest.lock",
			);
			name = "[CP] Check Pods Manifest.lock";
			outputFileListPaths = (
			);
			outputPaths = (
				"$(DERIVED_FILE_DIR)/Pods-FriendlyGuide-checkManifestLockResult.txt",
			);
			runOnlyForDeploymentPostprocessing = 0;
			shellPath = /bin/sh;
			shellScript = "diff \"${PODS_PODFILE_DIR_PATH}/Podfile.lock\" \"${PODS_ROOT}/Manifest.lock\" > /dev/null\nif [ $? != 0 ] ; then\n    # print error to STDERR\n    echo \"error: The sandbox is not in sync with the Podfile.lock. Run 'pod install' or update your CocoaPods installation.\" >&2\n    exit 1\nfi\n# This output is used by Xcode 'outputs' to avoid re-running this script phase.\necho \"SUCCESS\" > \"${SCRIPT_OUTPUT_FILE_0}\"\n";
			showEnvVarsInLog = 0;
		};
		D40E0DA8AC3D71004034D99D /* [CP] Check Pods Manifest.lock */ = {
			isa = PBXShellScriptBuildPhase;
			buildActionMask = 2147483647;
			files = (
			);
			inputFileListPaths = (
			);
			inputPaths = (
				"${PODS_PODFILE_DIR_PATH}/Podfile.lock",
				"${PODS_ROOT}/Manifest.lock",
			);
			name = "[CP] Check Pods Manifest.lock";
			outputFileListPaths = (
			);
			outputPaths = (
				"$(DERIVED_FILE_DIR)/Pods-FriendlyGuideTests-checkManifestLockResult.txt",
			);
			runOnlyForDeploymentPostprocessing = 0;
			shellPath = /bin/sh;
			shellScript = "diff \"${PODS_PODFILE_DIR_PATH}/Podfile.lock\" \"${PODS_ROOT}/Manifest.lock\" > /dev/null\nif [ $? != 0 ] ; then\n    # print error to STDERR\n    echo \"error: The sandbox is not in sync with the Podfile.lock. Run 'pod install' or update your CocoaPods installation.\" >&2\n    exit 1\nfi\n# This output is used by Xcode 'outputs' to avoid re-running this script phase.\necho \"SUCCESS\" > \"${SCRIPT_OUTPUT_FILE_0}\"\n";
			showEnvVarsInLog = 0;
		};
		D9BC85FC1DDC8CA30FDB8786 /* [CP] Embed Pods Frameworks */ = {
			isa = PBXShellScriptBuildPhase;
			buildActionMask = 2147483647;
			files = (
			);
			inputFileListPaths = (
				"${PODS_ROOT}/Target Support Files/Pods-FriendlyGuide-FriendlyGuideUITests/Pods-FriendlyGuide-FriendlyGuideUITests-frameworks-${CONFIGURATION}-input-files.xcfilelist",
			);
			name = "[CP] Embed Pods Frameworks";
			outputFileListPaths = (
				"${PODS_ROOT}/Target Support Files/Pods-FriendlyGuide-FriendlyGuideUITests/Pods-FriendlyGuide-FriendlyGuideUITests-frameworks-${CONFIGURATION}-output-files.xcfilelist",
			);
			runOnlyForDeploymentPostprocessing = 0;
			shellPath = /bin/sh;
			shellScript = "\"${PODS_ROOT}/Target Support Files/Pods-FriendlyGuide-FriendlyGuideUITests/Pods-FriendlyGuide-FriendlyGuideUITests-frameworks.sh\"\n";
			showEnvVarsInLog = 0;
		};
		FA22CD48B697402C1F5E2F8C /* [CP] Check Pods Manifest.lock */ = {
			isa = PBXShellScriptBuildPhase;
			buildActionMask = 2147483647;
			files = (
			);
			inputFileListPaths = (
			);
			inputPaths = (
				"${PODS_PODFILE_DIR_PATH}/Podfile.lock",
				"${PODS_ROOT}/Manifest.lock",
			);
			name = "[CP] Check Pods Manifest.lock";
			outputFileListPaths = (
			);
			outputPaths = (
				"$(DERIVED_FILE_DIR)/Pods-FriendlyGuide-FriendlyGuideUITests-checkManifestLockResult.txt",
			);
			runOnlyForDeploymentPostprocessing = 0;
			shellPath = /bin/sh;
			shellScript = "diff \"${PODS_PODFILE_DIR_PATH}/Podfile.lock\" \"${PODS_ROOT}/Manifest.lock\" > /dev/null\nif [ $? != 0 ] ; then\n    # print error to STDERR\n    echo \"error: The sandbox is not in sync with the Podfile.lock. Run 'pod install' or update your CocoaPods installation.\" >&2\n    exit 1\nfi\n# This output is used by Xcode 'outputs' to avoid re-running this script phase.\necho \"SUCCESS\" > \"${SCRIPT_OUTPUT_FILE_0}\"\n";
			showEnvVarsInLog = 0;
		};
/* End PBXShellScriptBuildPhase section */

/* Begin PBXSourcesBuildPhase section */
		2150FEAF265AB9070058FA89 /* Sources */ = {
			isa = PBXSourcesBuildPhase;
			buildActionMask = 2147483647;
			files = (
				21B71F86265E7D5700460564 /* QBChatManager.swift in Sources */,
				21B71F982660115D00460564 /* ChatMessagesManager.swift in Sources */,
				21B71F9426600F5A00460564 /* ChatDialogsManager.swift in Sources */,
				21B71F8D265E8A4100460564 /* QBChatAuthentificator.swift in Sources */,
				2150FEF0265BAC8C0058FA89 /* ChatConnectable.swift in Sources */,
				C5904694265B241400231116 /* TravelScreenView.swift in Sources */,
				C5904686265B0EAD00231116 /* TravelScreenViewController.swift in Sources */,
				21B71F9626600F9800460564 /* ChatUsersManager.swift in Sources */,
				C5904684265B0AA700231116 /* TabBarController.swift in Sources */,
				2150FEF2265BACCF0058FA89 /* ChatListViewController.swift in Sources */,
				C5904690265B19A400231116 /* UIComponentsFactory.swift in Sources */,
				C590468A265B107000231116 /* ProfileScreenViewController.swift in Sources */,
				2150FEF6265BAF660058FA89 /* ChatInformationRepresentable.swift in Sources */,
				2150FEB7265AB9070058FA89 /* AppDelegate.swift in Sources */,
				C5904692265B1A0B00231116 /* MapScreenView.swift in Sources */,
				21B71F8F265E932C00460564 /* ChatViewController.swift in Sources */,
				21B71F9A266011E600460564 /* ChatManager.swift in Sources */,
				21B71F9126600D8F00460564 /* Dialog.swift in Sources */,
				C5904688265B0F6F00231116 /* MapScreenViewController.swift in Sources */,
				C9803F21265FE0CF00662332 /* GetEventDetailFactory.swift in Sources */,
				C91CEE88265E7DC70052C076 /* JsonParameterEncoder.swift in Sources */,
				C9803F26265FFA3400662332 /* DayEventsList.swift in Sources */,
				C91CEEB4265E9C110052C076 /* Event.swift in Sources */,
				C9EB114E265FCF6E00215A37 /* EventDetailResource.swift in Sources */,
				C91CEE81265E7DC70052C076 /* ErrorParser.swift in Sources */,
				C91CEE86265E7DC70052C076 /* ParameterEncoding.swift in Sources */,
				C91CEE91265E7E260052C076 /* Coordinates.swift in Sources */,
				C91CEEA9265E975C0052C076 /* EventLocation.swift in Sources */,
				C91CEE9D265E7E550052C076 /* RequestFactory.swift in Sources */,
				C9803F1C265FD6B200662332 /* GetEventsListFactory.swift in Sources */,
				C91CEEA7265E97350052C076 /* ImageSource.swift in Sources */,
				C91CEE83265E7DC70052C076 /* AbstractRequestFactory.swift in Sources */,
				C91CEE89265E7DC70052C076 /* NetworkErrors.swift in Sources */,
				C5904698265B271400231116 /* ProfileScreenView.swift in Sources */,
				21B71F8B265E83B400460564 /* ChatAuthenticator.swift in Sources */,
				2150FEF4265BAD400058FA89 /* ChatTableVewCell.swift in Sources */,
				2150FEB9265AB9070058FA89 /* SceneDelegate.swift in Sources */,
				C9803F23265FE0E300662332 /* GetEventDetail.swift in Sources */,
				C91CEEB6265EA1740052C076 /* CityDetailResource.swift in Sources */,
				C91CEEAB265E98100052C076 /* EventParticipant.swift in Sources */,
				C9803F312660006F00662332 /* News.swift in Sources */,
				C9803F36266001DF00662332 /* NewsImage.swift in Sources */,
				C9803F28265FFBE200662332 /* DayEvent.swift in Sources */,
				C9803F3C266004C400662332 /* PlacesList.swift in Sources */,
			);
			runOnlyForDeploymentPostprocessing = 0;
		};
		2150FEC5265AB9090058FA89 /* Sources */ = {
			isa = PBXSourcesBuildPhase;
			buildActionMask = 2147483647;
			files = (
				2150FECE265AB9090058FA89 /* FriendlyGuideTests.swift in Sources */,
			);
			runOnlyForDeploymentPostprocessing = 0;
		};
		2150FED0265AB9090058FA89 /* Sources */ = {
			isa = PBXSourcesBuildPhase;
			buildActionMask = 2147483647;
			files = (
				2150FED9265AB9090058FA89 /* FriendlyGuideUITests.swift in Sources */,
			);
			runOnlyForDeploymentPostprocessing = 0;
		};
/* End PBXSourcesBuildPhase section */

/* Begin PBXTargetDependency section */
		2150FECB265AB9090058FA89 /* PBXTargetDependency */ = {
			isa = PBXTargetDependency;
			target = 2150FEB2265AB9070058FA89 /* FriendlyGuide */;
			targetProxy = 2150FECA265AB9090058FA89 /* PBXContainerItemProxy */;
		};
		2150FED6265AB9090058FA89 /* PBXTargetDependency */ = {
			isa = PBXTargetDependency;
			target = 2150FEB2265AB9070058FA89 /* FriendlyGuide */;
			targetProxy = 2150FED5265AB9090058FA89 /* PBXContainerItemProxy */;
		};
/* End PBXTargetDependency section */

/* Begin PBXVariantGroup section */
		2150FEC1265AB9090058FA89 /* LaunchScreen.storyboard */ = {
			isa = PBXVariantGroup;
			children = (
				2150FEC2265AB9090058FA89 /* Base */,
			);
			name = LaunchScreen.storyboard;
			sourceTree = "<group>";
		};
/* End PBXVariantGroup section */

/* Begin XCBuildConfiguration section */
		2150FEDB265AB9090058FA89 /* Debug */ = {
			isa = XCBuildConfiguration;
			buildSettings = {
				ALWAYS_SEARCH_USER_PATHS = NO;
				CLANG_ANALYZER_NONNULL = YES;
				CLANG_ANALYZER_NUMBER_OBJECT_CONVERSION = YES_AGGRESSIVE;
				CLANG_CXX_LANGUAGE_STANDARD = "gnu++14";
				CLANG_CXX_LIBRARY = "libc++";
				CLANG_ENABLE_MODULES = YES;
				CLANG_ENABLE_OBJC_ARC = YES;
				CLANG_ENABLE_OBJC_WEAK = YES;
				CLANG_WARN_BLOCK_CAPTURE_AUTORELEASING = YES;
				CLANG_WARN_BOOL_CONVERSION = YES;
				CLANG_WARN_COMMA = YES;
				CLANG_WARN_CONSTANT_CONVERSION = YES;
				CLANG_WARN_DEPRECATED_OBJC_IMPLEMENTATIONS = YES;
				CLANG_WARN_DIRECT_OBJC_ISA_USAGE = YES_ERROR;
				CLANG_WARN_DOCUMENTATION_COMMENTS = YES;
				CLANG_WARN_EMPTY_BODY = YES;
				CLANG_WARN_ENUM_CONVERSION = YES;
				CLANG_WARN_INFINITE_RECURSION = YES;
				CLANG_WARN_INT_CONVERSION = YES;
				CLANG_WARN_NON_LITERAL_NULL_CONVERSION = YES;
				CLANG_WARN_OBJC_IMPLICIT_RETAIN_SELF = YES;
				CLANG_WARN_OBJC_LITERAL_CONVERSION = YES;
				CLANG_WARN_OBJC_ROOT_CLASS = YES_ERROR;
				CLANG_WARN_QUOTED_INCLUDE_IN_FRAMEWORK_HEADER = YES;
				CLANG_WARN_RANGE_LOOP_ANALYSIS = YES;
				CLANG_WARN_STRICT_PROTOTYPES = YES;
				CLANG_WARN_SUSPICIOUS_MOVE = YES;
				CLANG_WARN_UNGUARDED_AVAILABILITY = YES_AGGRESSIVE;
				CLANG_WARN_UNREACHABLE_CODE = YES;
				CLANG_WARN__DUPLICATE_METHOD_MATCH = YES;
				COPY_PHASE_STRIP = NO;
				DEBUG_INFORMATION_FORMAT = dwarf;
				ENABLE_STRICT_OBJC_MSGSEND = YES;
				ENABLE_TESTABILITY = YES;
				GCC_C_LANGUAGE_STANDARD = gnu11;
				GCC_DYNAMIC_NO_PIC = NO;
				GCC_NO_COMMON_BLOCKS = YES;
				GCC_OPTIMIZATION_LEVEL = 0;
				GCC_PREPROCESSOR_DEFINITIONS = (
					"DEBUG=1",
					"$(inherited)",
				);
				GCC_WARN_64_TO_32_BIT_CONVERSION = YES;
				GCC_WARN_ABOUT_RETURN_TYPE = YES_ERROR;
				GCC_WARN_UNDECLARED_SELECTOR = YES;
				GCC_WARN_UNINITIALIZED_AUTOS = YES_AGGRESSIVE;
				GCC_WARN_UNUSED_FUNCTION = YES;
				GCC_WARN_UNUSED_VARIABLE = YES;
				IPHONEOS_DEPLOYMENT_TARGET = 14.5;
				MTL_ENABLE_DEBUG_INFO = INCLUDE_SOURCE;
				MTL_FAST_MATH = YES;
				ONLY_ACTIVE_ARCH = YES;
				SDKROOT = iphoneos;
				SWIFT_ACTIVE_COMPILATION_CONDITIONS = DEBUG;
				SWIFT_OPTIMIZATION_LEVEL = "-Onone";
			};
			name = Debug;
		};
		2150FEDC265AB9090058FA89 /* Release */ = {
			isa = XCBuildConfiguration;
			buildSettings = {
				ALWAYS_SEARCH_USER_PATHS = NO;
				CLANG_ANALYZER_NONNULL = YES;
				CLANG_ANALYZER_NUMBER_OBJECT_CONVERSION = YES_AGGRESSIVE;
				CLANG_CXX_LANGUAGE_STANDARD = "gnu++14";
				CLANG_CXX_LIBRARY = "libc++";
				CLANG_ENABLE_MODULES = YES;
				CLANG_ENABLE_OBJC_ARC = YES;
				CLANG_ENABLE_OBJC_WEAK = YES;
				CLANG_WARN_BLOCK_CAPTURE_AUTORELEASING = YES;
				CLANG_WARN_BOOL_CONVERSION = YES;
				CLANG_WARN_COMMA = YES;
				CLANG_WARN_CONSTANT_CONVERSION = YES;
				CLANG_WARN_DEPRECATED_OBJC_IMPLEMENTATIONS = YES;
				CLANG_WARN_DIRECT_OBJC_ISA_USAGE = YES_ERROR;
				CLANG_WARN_DOCUMENTATION_COMMENTS = YES;
				CLANG_WARN_EMPTY_BODY = YES;
				CLANG_WARN_ENUM_CONVERSION = YES;
				CLANG_WARN_INFINITE_RECURSION = YES;
				CLANG_WARN_INT_CONVERSION = YES;
				CLANG_WARN_NON_LITERAL_NULL_CONVERSION = YES;
				CLANG_WARN_OBJC_IMPLICIT_RETAIN_SELF = YES;
				CLANG_WARN_OBJC_LITERAL_CONVERSION = YES;
				CLANG_WARN_OBJC_ROOT_CLASS = YES_ERROR;
				CLANG_WARN_QUOTED_INCLUDE_IN_FRAMEWORK_HEADER = YES;
				CLANG_WARN_RANGE_LOOP_ANALYSIS = YES;
				CLANG_WARN_STRICT_PROTOTYPES = YES;
				CLANG_WARN_SUSPICIOUS_MOVE = YES;
				CLANG_WARN_UNGUARDED_AVAILABILITY = YES_AGGRESSIVE;
				CLANG_WARN_UNREACHABLE_CODE = YES;
				CLANG_WARN__DUPLICATE_METHOD_MATCH = YES;
				COPY_PHASE_STRIP = NO;
				DEBUG_INFORMATION_FORMAT = "dwarf-with-dsym";
				ENABLE_NS_ASSERTIONS = NO;
				ENABLE_STRICT_OBJC_MSGSEND = YES;
				GCC_C_LANGUAGE_STANDARD = gnu11;
				GCC_NO_COMMON_BLOCKS = YES;
				GCC_WARN_64_TO_32_BIT_CONVERSION = YES;
				GCC_WARN_ABOUT_RETURN_TYPE = YES_ERROR;
				GCC_WARN_UNDECLARED_SELECTOR = YES;
				GCC_WARN_UNINITIALIZED_AUTOS = YES_AGGRESSIVE;
				GCC_WARN_UNUSED_FUNCTION = YES;
				GCC_WARN_UNUSED_VARIABLE = YES;
				IPHONEOS_DEPLOYMENT_TARGET = 14.5;
				MTL_ENABLE_DEBUG_INFO = NO;
				MTL_FAST_MATH = YES;
				SDKROOT = iphoneos;
				SWIFT_COMPILATION_MODE = wholemodule;
				SWIFT_OPTIMIZATION_LEVEL = "-O";
				VALIDATE_PRODUCT = YES;
			};
			name = Release;
		};
		2150FEDE265AB9090058FA89 /* Debug */ = {
			isa = XCBuildConfiguration;
			baseConfigurationReference = EE7CC528BA65E998B145C20A /* Pods-FriendlyGuide.debug.xcconfig */;
			buildSettings = {
				ASSETCATALOG_COMPILER_APPICON_NAME = AppIcon;
				ASSETCATALOG_COMPILER_GLOBAL_ACCENT_COLOR_NAME = AccentColor;
				CODE_SIGN_STYLE = Automatic;
				DEVELOPMENT_TEAM = QU9ZBG8S59;
				INFOPLIST_FILE = FriendlyGuide/Environments/Info.plist;
				LD_RUNPATH_SEARCH_PATHS = (
					"$(inherited)",
					"@executable_path/Frameworks",
				);
				PRODUCT_BUNDLE_IDENTIFIER = obryga.corp.FriendlyGuide;
				PRODUCT_NAME = "$(TARGET_NAME)";
				SWIFT_VERSION = 5.0;
				TARGETED_DEVICE_FAMILY = "1,2";
			};
			name = Debug;
		};
		2150FEDF265AB9090058FA89 /* Release */ = {
			isa = XCBuildConfiguration;
			baseConfigurationReference = 13702F993F2CF8FFDC1C0C0A /* Pods-FriendlyGuide.release.xcconfig */;
			buildSettings = {
				ASSETCATALOG_COMPILER_APPICON_NAME = AppIcon;
				ASSETCATALOG_COMPILER_GLOBAL_ACCENT_COLOR_NAME = AccentColor;
				CODE_SIGN_STYLE = Automatic;
				DEVELOPMENT_TEAM = QU9ZBG8S59;
				INFOPLIST_FILE = FriendlyGuide/Environments/Info.plist;
				LD_RUNPATH_SEARCH_PATHS = (
					"$(inherited)",
					"@executable_path/Frameworks",
				);
				PRODUCT_BUNDLE_IDENTIFIER = obryga.corp.FriendlyGuide;
				PRODUCT_NAME = "$(TARGET_NAME)";
				SWIFT_VERSION = 5.0;
				TARGETED_DEVICE_FAMILY = "1,2";
			};
			name = Release;
		};
		2150FEE1265AB9090058FA89 /* Debug */ = {
			isa = XCBuildConfiguration;
			baseConfigurationReference = CE002376636440E6DCE35FBA /* Pods-FriendlyGuideTests.debug.xcconfig */;
			buildSettings = {
				ALWAYS_EMBED_SWIFT_STANDARD_LIBRARIES = YES;
				BUNDLE_LOADER = "$(TEST_HOST)";
				CODE_SIGN_STYLE = Automatic;
				DEVELOPMENT_TEAM = QU9ZBG8S59;
				INFOPLIST_FILE = FriendlyGuideTests/Info.plist;
				IPHONEOS_DEPLOYMENT_TARGET = 14.5;
				LD_RUNPATH_SEARCH_PATHS = (
					"$(inherited)",
					"@executable_path/Frameworks",
					"@loader_path/Frameworks",
				);
				PRODUCT_BUNDLE_IDENTIFIER = obryga.corp.FriendlyGuideTests;
				PRODUCT_NAME = "$(TARGET_NAME)";
				SWIFT_VERSION = 5.0;
				TARGETED_DEVICE_FAMILY = "1,2";
				TEST_HOST = "$(BUILT_PRODUCTS_DIR)/FriendlyGuide.app/FriendlyGuide";
			};
			name = Debug;
		};
		2150FEE2265AB9090058FA89 /* Release */ = {
			isa = XCBuildConfiguration;
			baseConfigurationReference = 4034CCBF475C093E0C849E16 /* Pods-FriendlyGuideTests.release.xcconfig */;
			buildSettings = {
				ALWAYS_EMBED_SWIFT_STANDARD_LIBRARIES = YES;
				BUNDLE_LOADER = "$(TEST_HOST)";
				CODE_SIGN_STYLE = Automatic;
				DEVELOPMENT_TEAM = QU9ZBG8S59;
				INFOPLIST_FILE = FriendlyGuideTests/Info.plist;
				IPHONEOS_DEPLOYMENT_TARGET = 14.5;
				LD_RUNPATH_SEARCH_PATHS = (
					"$(inherited)",
					"@executable_path/Frameworks",
					"@loader_path/Frameworks",
				);
				PRODUCT_BUNDLE_IDENTIFIER = obryga.corp.FriendlyGuideTests;
				PRODUCT_NAME = "$(TARGET_NAME)";
				SWIFT_VERSION = 5.0;
				TARGETED_DEVICE_FAMILY = "1,2";
				TEST_HOST = "$(BUILT_PRODUCTS_DIR)/FriendlyGuide.app/FriendlyGuide";
			};
			name = Release;
		};
		2150FEE4265AB9090058FA89 /* Debug */ = {
			isa = XCBuildConfiguration;
			baseConfigurationReference = 8CB5D3A3CB0562114B140561 /* Pods-FriendlyGuide-FriendlyGuideUITests.debug.xcconfig */;
			buildSettings = {
				ALWAYS_EMBED_SWIFT_STANDARD_LIBRARIES = YES;
				CODE_SIGN_STYLE = Automatic;
				DEVELOPMENT_TEAM = QU9ZBG8S59;
				INFOPLIST_FILE = FriendlyGuideUITests/Info.plist;
				LD_RUNPATH_SEARCH_PATHS = (
					"$(inherited)",
					"@executable_path/Frameworks",
					"@loader_path/Frameworks",
				);
				PRODUCT_BUNDLE_IDENTIFIER = obryga.corp.FriendlyGuideUITests;
				PRODUCT_NAME = "$(TARGET_NAME)";
				SWIFT_VERSION = 5.0;
				TARGETED_DEVICE_FAMILY = "1,2";
				TEST_TARGET_NAME = FriendlyGuide;
			};
			name = Debug;
		};
		2150FEE5265AB9090058FA89 /* Release */ = {
			isa = XCBuildConfiguration;
			baseConfigurationReference = 17D3CD1E21A8270E4E5699B4 /* Pods-FriendlyGuide-FriendlyGuideUITests.release.xcconfig */;
			buildSettings = {
				ALWAYS_EMBED_SWIFT_STANDARD_LIBRARIES = YES;
				CODE_SIGN_STYLE = Automatic;
				DEVELOPMENT_TEAM = QU9ZBG8S59;
				INFOPLIST_FILE = FriendlyGuideUITests/Info.plist;
				LD_RUNPATH_SEARCH_PATHS = (
					"$(inherited)",
					"@executable_path/Frameworks",
					"@loader_path/Frameworks",
				);
				PRODUCT_BUNDLE_IDENTIFIER = obryga.corp.FriendlyGuideUITests;
				PRODUCT_NAME = "$(TARGET_NAME)";
				SWIFT_VERSION = 5.0;
				TARGETED_DEVICE_FAMILY = "1,2";
				TEST_TARGET_NAME = FriendlyGuide;
			};
			name = Release;
		};
/* End XCBuildConfiguration section */

/* Begin XCConfigurationList section */
		2150FEAE265AB9070058FA89 /* Build configuration list for PBXProject "FriendlyGuide" */ = {
			isa = XCConfigurationList;
			buildConfigurations = (
				2150FEDB265AB9090058FA89 /* Debug */,
				2150FEDC265AB9090058FA89 /* Release */,
			);
			defaultConfigurationIsVisible = 0;
			defaultConfigurationName = Release;
		};
		2150FEDD265AB9090058FA89 /* Build configuration list for PBXNativeTarget "FriendlyGuide" */ = {
			isa = XCConfigurationList;
			buildConfigurations = (
				2150FEDE265AB9090058FA89 /* Debug */,
				2150FEDF265AB9090058FA89 /* Release */,
			);
			defaultConfigurationIsVisible = 0;
			defaultConfigurationName = Release;
		};
		2150FEE0265AB9090058FA89 /* Build configuration list for PBXNativeTarget "FriendlyGuideTests" */ = {
			isa = XCConfigurationList;
			buildConfigurations = (
				2150FEE1265AB9090058FA89 /* Debug */,
				2150FEE2265AB9090058FA89 /* Release */,
			);
			defaultConfigurationIsVisible = 0;
			defaultConfigurationName = Release;
		};
		2150FEE3265AB9090058FA89 /* Build configuration list for PBXNativeTarget "FriendlyGuideUITests" */ = {
			isa = XCConfigurationList;
			buildConfigurations = (
				2150FEE4265AB9090058FA89 /* Debug */,
				2150FEE5265AB9090058FA89 /* Release */,
			);
			defaultConfigurationIsVisible = 0;
			defaultConfigurationName = Release;
		};
/* End XCConfigurationList section */
	};
	rootObject = 2150FEAB265AB9070058FA89 /* Project object */;
}
