// !$*UTF8*$!
{
	archiveVersion = 1;
	classes = {
	};
	objectVersion = 51;
	objects = {

/* Begin PBXBuildFile section */
		017A3E4F7AF543837DC02CD7 /* Pods_FriendlyGuide_FriendlyGuideUITests.framework in Frameworks */ = {isa = PBXBuildFile; fileRef = 5EDBB6865E63CCF3C32EE119 /* Pods_FriendlyGuide_FriendlyGuideUITests.framework */; };
		2150FEB7265AB9070058FA89 /* AppDelegate.swift in Sources */ = {isa = PBXBuildFile; fileRef = 2150FEB6265AB9070058FA89 /* AppDelegate.swift */; };
		2150FEB9265AB9070058FA89 /* SceneDelegate.swift in Sources */ = {isa = PBXBuildFile; fileRef = 2150FEB8265AB9070058FA89 /* SceneDelegate.swift */; };
		2150FEC0265AB9090058FA89 /* Assets.xcassets in Resources */ = {isa = PBXBuildFile; fileRef = 2150FEBF265AB9090058FA89 /* Assets.xcassets */; };
		2150FEC3265AB9090058FA89 /* LaunchScreen.storyboard in Resources */ = {isa = PBXBuildFile; fileRef = 2150FEC1265AB9090058FA89 /* LaunchScreen.storyboard */; };
		2150FECE265AB9090058FA89 /* FriendlyGuideTests.swift in Sources */ = {isa = PBXBuildFile; fileRef = 2150FECD265AB9090058FA89 /* FriendlyGuideTests.swift */; };
		2150FED9265AB9090058FA89 /* FriendlyGuideUITests.swift in Sources */ = {isa = PBXBuildFile; fileRef = 2150FED8265AB9090058FA89 /* FriendlyGuideUITests.swift */; };
		4A7889A6265BEEB9008F81EA /* UIFont + Extensions.swift in Sources */ = {isa = PBXBuildFile; fileRef = 4A7889A5265BEEB9008F81EA /* UIFont + Extensions.swift */; };
		4A7889AA265BF12A008F81EA /* TravelScreenEnum.swift in Sources */ = {isa = PBXBuildFile; fileRef = 4A7889A9265BF12A008F81EA /* TravelScreenEnum.swift */; };
		4A7889AD265BF275008F81EA /* SelfConfiguringCell.swift in Sources */ = {isa = PBXBuildFile; fileRef = 4A7889AC265BF275008F81EA /* SelfConfiguringCell.swift */; };
		4A7889AF265BFA06008F81EA /* SectionHeader.swift in Sources */ = {isa = PBXBuildFile; fileRef = 4A7889AE265BFA06008F81EA /* SectionHeader.swift */; };
		4A7889B4265CE46E008F81EA /* CitiesView.swift in Sources */ = {isa = PBXBuildFile; fileRef = 4A7889B3265CE46E008F81EA /* CitiesView.swift */; };
		4A7889B6265CE484008F81EA /* CitiesViewController.swift in Sources */ = {isa = PBXBuildFile; fileRef = 4A7889B5265CE484008F81EA /* CitiesViewController.swift */; };
		4A7889B9265CE98D008F81EA /* CitiesCell.swift in Sources */ = {isa = PBXBuildFile; fileRef = 4A7889B8265CE98D008F81EA /* CitiesCell.swift */; };
		4A7889BB265CFD07008F81EA /* NewsCell.swift in Sources */ = {isa = PBXBuildFile; fileRef = 4A7889BA265CFD07008F81EA /* NewsCell.swift */; };
		4A7889BD265CFD2C008F81EA /* EventCell.swift in Sources */ = {isa = PBXBuildFile; fileRef = 4A7889BC265CFD2C008F81EA /* EventCell.swift */; };
		4A7889BF265CFD49008F81EA /* PlaceCell.swift in Sources */ = {isa = PBXBuildFile; fileRef = 4A7889BE265CFD49008F81EA /* PlaceCell.swift */; };
		4A7889C4265D034C008F81EA /* UIButton + Extensions.swift in Sources */ = {isa = PBXBuildFile; fileRef = 4A7889C3265D034C008F81EA /* UIButton + Extensions.swift */; };
		4A7889C9265D0B18008F81EA /* UIViewController + Extensions.swift in Sources */ = {isa = PBXBuildFile; fileRef = 4A7889C8265D0B18008F81EA /* UIViewController + Extensions.swift */; };
		4A7889CB265D11FF008F81EA /* SelectCityCell.swift in Sources */ = {isa = PBXBuildFile; fileRef = 4A7889CA265D11FF008F81EA /* SelectCityCell.swift */; };
		4A7889CD265D1833008F81EA /* UIImageView + Extensions.swift in Sources */ = {isa = PBXBuildFile; fileRef = 4A7889CC265D1833008F81EA /* UIImageView + Extensions.swift */; };
		4A7889CF265D2A2F008F81EA /* UILabel + Extensions.swift in Sources */ = {isa = PBXBuildFile; fileRef = 4A7889CE265D2A2F008F81EA /* UILabel + Extensions.swift */; };
		B768E637D8ED434D98E87DC3 /* Pods_FriendlyGuideTests.framework in Frameworks */ = {isa = PBXBuildFile; fileRef = 0340E5B5743E55E0B324EE73 /* Pods_FriendlyGuideTests.framework */; };
		C5904684265B0AA700231116 /* TabBarController.swift in Sources */ = {isa = PBXBuildFile; fileRef = C5904683265B0AA700231116 /* TabBarController.swift */; };
		C5904686265B0EAD00231116 /* TravelScreenViewController.swift in Sources */ = {isa = PBXBuildFile; fileRef = C5904685265B0EAD00231116 /* TravelScreenViewController.swift */; };
		C5904688265B0F6F00231116 /* MapScreenViewController.swift in Sources */ = {isa = PBXBuildFile; fileRef = C5904687265B0F6F00231116 /* MapScreenViewController.swift */; };
		C590468A265B107000231116 /* ProfileScreenViewController.swift in Sources */ = {isa = PBXBuildFile; fileRef = C5904689265B107000231116 /* ProfileScreenViewController.swift */; };
		C590468C265B12C300231116 /* ChatScreenViewController.swift in Sources */ = {isa = PBXBuildFile; fileRef = C590468B265B12C300231116 /* ChatScreenViewController.swift */; };
		C5904690265B19A400231116 /* UIComponentsFactory.swift in Sources */ = {isa = PBXBuildFile; fileRef = C590468F265B19A400231116 /* UIComponentsFactory.swift */; };
		C5904692265B1A0B00231116 /* MapScreenView.swift in Sources */ = {isa = PBXBuildFile; fileRef = C5904691265B1A0B00231116 /* MapScreenView.swift */; };
		C5904694265B241400231116 /* TravelScreenView.swift in Sources */ = {isa = PBXBuildFile; fileRef = C5904693265B241400231116 /* TravelScreenView.swift */; };
		C5904696265B26B200231116 /* ChatScreenView.swift in Sources */ = {isa = PBXBuildFile; fileRef = C5904695265B26B200231116 /* ChatScreenView.swift */; };
		C5904698265B271400231116 /* ProfileScreenView.swift in Sources */ = {isa = PBXBuildFile; fileRef = C5904697265B271400231116 /* ProfileScreenView.swift */; };
		C5F294A6265E3A1A00E1959A /* SliderTransition.swift in Sources */ = {isa = PBXBuildFile; fileRef = C5F294A5265E3A1A00E1959A /* SliderTransition.swift */; };
		C5F294A9265E3B2C00E1959A /* SliderPresentationController.swift in Sources */ = {isa = PBXBuildFile; fileRef = C5F294A8265E3B2C00E1959A /* SliderPresentationController.swift */; };
		C5F294AC265E415800E1959A /* SliderWithDimmingViewController.swift in Sources */ = {isa = PBXBuildFile; fileRef = C5F294AB265E415800E1959A /* SliderWithDimmingViewController.swift */; };
		C5F294B0265E45D600E1959A /* OnMapViewController.swift in Sources */ = {isa = PBXBuildFile; fileRef = C5F294AF265E45D600E1959A /* OnMapViewController.swift */; };
		C5F294B3265E4B8A00E1959A /* PresentAnimation.swift in Sources */ = {isa = PBXBuildFile; fileRef = C5F294B2265E4B8A00E1959A /* PresentAnimation.swift */; };
		C5F294B6265E4CB500E1959A /* DismissAnimation.swift in Sources */ = {isa = PBXBuildFile; fileRef = C5F294B5265E4CB500E1959A /* DismissAnimation.swift */; };
		C5F294B9265E501F00E1959A /* OnMapSliderView.swift in Sources */ = {isa = PBXBuildFile; fileRef = C5F294B8265E501F00E1959A /* OnMapSliderView.swift */; };
		C5F294BB265E507B00E1959A /* OnMapSliderTableViewCell.swift in Sources */ = {isa = PBXBuildFile; fileRef = C5F294BA265E507B00E1959A /* OnMapSliderTableViewCell.swift */; };
		C5F294BE265E5EA600E1959A /* UITextField + Extensions.swift in Sources */ = {isa = PBXBuildFile; fileRef = C5F294BD265E5EA600E1959A /* UITextField + Extensions.swift */; };
		C5F294C0265E818600E1959A /* String + Extensions.swift in Sources */ = {isa = PBXBuildFile; fileRef = C5F294BF265E818600E1959A /* String + Extensions.swift */; };
/* End PBXBuildFile section */

/* Begin PBXContainerItemProxy section */
		2150FECA265AB9090058FA89 /* PBXContainerItemProxy */ = {
			isa = PBXContainerItemProxy;
			containerPortal = 2150FEAB265AB9070058FA89 /* Project object */;
			proxyType = 1;
			remoteGlobalIDString = 2150FEB2265AB9070058FA89;
			remoteInfo = FriendlyGuide;
		};
		2150FED5265AB9090058FA89 /* PBXContainerItemProxy */ = {
			isa = PBXContainerItemProxy;
			containerPortal = 2150FEAB265AB9070058FA89 /* Project object */;
			proxyType = 1;
			remoteGlobalIDString = 2150FEB2265AB9070058FA89;
			remoteInfo = FriendlyGuide;
		};
/* End PBXContainerItemProxy section */

/* Begin PBXFileReference section */
		0340E5B5743E55E0B324EE73 /* Pods_FriendlyGuideTests.framework */ = {isa = PBXFileReference; explicitFileType = wrapper.framework; includeInIndex = 0; path = Pods_FriendlyGuideTests.framework; sourceTree = BUILT_PRODUCTS_DIR; };
		13702F993F2CF8FFDC1C0C0A /* Pods-FriendlyGuide.release.xcconfig */ = {isa = PBXFileReference; includeInIndex = 1; lastKnownFileType = text.xcconfig; name = "Pods-FriendlyGuide.release.xcconfig"; path = "Target Support Files/Pods-FriendlyGuide/Pods-FriendlyGuide.release.xcconfig"; sourceTree = "<group>"; };
		17D3CD1E21A8270E4E5699B4 /* Pods-FriendlyGuide-FriendlyGuideUITests.release.xcconfig */ = {isa = PBXFileReference; includeInIndex = 1; lastKnownFileType = text.xcconfig; name = "Pods-FriendlyGuide-FriendlyGuideUITests.release.xcconfig"; path = "Target Support Files/Pods-FriendlyGuide-FriendlyGuideUITests/Pods-FriendlyGuide-FriendlyGuideUITests.release.xcconfig"; sourceTree = "<group>"; };
		2150FEB3265AB9070058FA89 /* FriendlyGuide.app */ = {isa = PBXFileReference; explicitFileType = wrapper.application; includeInIndex = 0; path = FriendlyGuide.app; sourceTree = BUILT_PRODUCTS_DIR; };
		2150FEB6265AB9070058FA89 /* AppDelegate.swift */ = {isa = PBXFileReference; lastKnownFileType = sourcecode.swift; path = AppDelegate.swift; sourceTree = "<group>"; };
		2150FEB8265AB9070058FA89 /* SceneDelegate.swift */ = {isa = PBXFileReference; lastKnownFileType = sourcecode.swift; path = SceneDelegate.swift; sourceTree = "<group>"; };
		2150FEBF265AB9090058FA89 /* Assets.xcassets */ = {isa = PBXFileReference; lastKnownFileType = folder.assetcatalog; path = Assets.xcassets; sourceTree = "<group>"; };
		2150FEC2265AB9090058FA89 /* Base */ = {isa = PBXFileReference; lastKnownFileType = file.storyboard; name = Base; path = Base.lproj/LaunchScreen.storyboard; sourceTree = "<group>"; };
		2150FEC4265AB9090058FA89 /* Info.plist */ = {isa = PBXFileReference; lastKnownFileType = text.plist.xml; path = Info.plist; sourceTree = "<group>"; };
		2150FEC9265AB9090058FA89 /* FriendlyGuideTests.xctest */ = {isa = PBXFileReference; explicitFileType = wrapper.cfbundle; includeInIndex = 0; path = FriendlyGuideTests.xctest; sourceTree = BUILT_PRODUCTS_DIR; };
		2150FECD265AB9090058FA89 /* FriendlyGuideTests.swift */ = {isa = PBXFileReference; lastKnownFileType = sourcecode.swift; path = FriendlyGuideTests.swift; sourceTree = "<group>"; };
		2150FECF265AB9090058FA89 /* Info.plist */ = {isa = PBXFileReference; lastKnownFileType = text.plist.xml; path = Info.plist; sourceTree = "<group>"; };
		2150FED4265AB9090058FA89 /* FriendlyGuideUITests.xctest */ = {isa = PBXFileReference; explicitFileType = wrapper.cfbundle; includeInIndex = 0; path = FriendlyGuideUITests.xctest; sourceTree = BUILT_PRODUCTS_DIR; };
		2150FED8265AB9090058FA89 /* FriendlyGuideUITests.swift */ = {isa = PBXFileReference; lastKnownFileType = sourcecode.swift; path = FriendlyGuideUITests.swift; sourceTree = "<group>"; };
		2150FEDA265AB9090058FA89 /* Info.plist */ = {isa = PBXFileReference; lastKnownFileType = text.plist.xml; path = Info.plist; sourceTree = "<group>"; };
		4034CCBF475C093E0C849E16 /* Pods-FriendlyGuideTests.release.xcconfig */ = {isa = PBXFileReference; includeInIndex = 1; lastKnownFileType = text.xcconfig; name = "Pods-FriendlyGuideTests.release.xcconfig"; path = "Target Support Files/Pods-FriendlyGuideTests/Pods-FriendlyGuideTests.release.xcconfig"; sourceTree = "<group>"; };
		4A7889A5265BEEB9008F81EA /* UIFont + Extensions.swift */ = {isa = PBXFileReference; lastKnownFileType = sourcecode.swift; path = "UIFont + Extensions.swift"; sourceTree = "<group>"; };
		4A7889A9265BF12A008F81EA /* TravelScreenEnum.swift */ = {isa = PBXFileReference; lastKnownFileType = sourcecode.swift; path = TravelScreenEnum.swift; sourceTree = "<group>"; };
		4A7889AC265BF275008F81EA /* SelfConfiguringCell.swift */ = {isa = PBXFileReference; lastKnownFileType = sourcecode.swift; path = SelfConfiguringCell.swift; sourceTree = "<group>"; };
		4A7889AE265BFA06008F81EA /* SectionHeader.swift */ = {isa = PBXFileReference; lastKnownFileType = sourcecode.swift; path = SectionHeader.swift; sourceTree = "<group>"; };
		4A7889B3265CE46E008F81EA /* CitiesView.swift */ = {isa = PBXFileReference; lastKnownFileType = sourcecode.swift; path = CitiesView.swift; sourceTree = "<group>"; };
		4A7889B5265CE484008F81EA /* CitiesViewController.swift */ = {isa = PBXFileReference; lastKnownFileType = sourcecode.swift; path = CitiesViewController.swift; sourceTree = "<group>"; };
		4A7889B8265CE98D008F81EA /* CitiesCell.swift */ = {isa = PBXFileReference; lastKnownFileType = sourcecode.swift; path = CitiesCell.swift; sourceTree = "<group>"; };
		4A7889BA265CFD07008F81EA /* NewsCell.swift */ = {isa = PBXFileReference; lastKnownFileType = sourcecode.swift; path = NewsCell.swift; sourceTree = "<group>"; };
		4A7889BC265CFD2C008F81EA /* EventCell.swift */ = {isa = PBXFileReference; lastKnownFileType = sourcecode.swift; path = EventCell.swift; sourceTree = "<group>"; };
		4A7889BE265CFD49008F81EA /* PlaceCell.swift */ = {isa = PBXFileReference; lastKnownFileType = sourcecode.swift; path = PlaceCell.swift; sourceTree = "<group>"; };
		4A7889C3265D034C008F81EA /* UIButton + Extensions.swift */ = {isa = PBXFileReference; lastKnownFileType = sourcecode.swift; path = "UIButton + Extensions.swift"; sourceTree = "<group>"; };
		4A7889C8265D0B18008F81EA /* UIViewController + Extensions.swift */ = {isa = PBXFileReference; lastKnownFileType = sourcecode.swift; path = "UIViewController + Extensions.swift"; sourceTree = "<group>"; };
		4A7889CA265D11FF008F81EA /* SelectCityCell.swift */ = {isa = PBXFileReference; lastKnownFileType = sourcecode.swift; path = SelectCityCell.swift; sourceTree = "<group>"; };
		4A7889CC265D1833008F81EA /* UIImageView + Extensions.swift */ = {isa = PBXFileReference; lastKnownFileType = sourcecode.swift; path = "UIImageView + Extensions.swift"; sourceTree = "<group>"; };
		4A7889CE265D2A2F008F81EA /* UILabel + Extensions.swift */ = {isa = PBXFileReference; lastKnownFileType = sourcecode.swift; path = "UILabel + Extensions.swift"; sourceTree = "<group>"; };
		5EDBB6865E63CCF3C32EE119 /* Pods_FriendlyGuide_FriendlyGuideUITests.framework */ = {isa = PBXFileReference; explicitFileType = wrapper.framework; includeInIndex = 0; path = Pods_FriendlyGuide_FriendlyGuideUITests.framework; sourceTree = BUILT_PRODUCTS_DIR; };
		69D6F12A6A8DE6CD29BB1B57 /* Pods_FriendlyGuide.framework */ = {isa = PBXFileReference; explicitFileType = wrapper.framework; includeInIndex = 0; path = Pods_FriendlyGuide.framework; sourceTree = BUILT_PRODUCTS_DIR; };
		8CB5D3A3CB0562114B140561 /* Pods-FriendlyGuide-FriendlyGuideUITests.debug.xcconfig */ = {isa = PBXFileReference; includeInIndex = 1; lastKnownFileType = text.xcconfig; name = "Pods-FriendlyGuide-FriendlyGuideUITests.debug.xcconfig"; path = "Target Support Files/Pods-FriendlyGuide-FriendlyGuideUITests/Pods-FriendlyGuide-FriendlyGuideUITests.debug.xcconfig"; sourceTree = "<group>"; };
		C5904683265B0AA700231116 /* TabBarController.swift */ = {isa = PBXFileReference; lastKnownFileType = sourcecode.swift; path = TabBarController.swift; sourceTree = "<group>"; };
		C5904685265B0EAD00231116 /* TravelScreenViewController.swift */ = {isa = PBXFileReference; lastKnownFileType = sourcecode.swift; path = TravelScreenViewController.swift; sourceTree = "<group>"; };
		C5904687265B0F6F00231116 /* MapScreenViewController.swift */ = {isa = PBXFileReference; lastKnownFileType = sourcecode.swift; path = MapScreenViewController.swift; sourceTree = "<group>"; };
		C5904689265B107000231116 /* ProfileScreenViewController.swift */ = {isa = PBXFileReference; lastKnownFileType = sourcecode.swift; path = ProfileScreenViewController.swift; sourceTree = "<group>"; };
		C590468B265B12C300231116 /* ChatScreenViewController.swift */ = {isa = PBXFileReference; lastKnownFileType = sourcecode.swift; path = ChatScreenViewController.swift; sourceTree = "<group>"; };
		C590468F265B19A400231116 /* UIComponentsFactory.swift */ = {isa = PBXFileReference; lastKnownFileType = sourcecode.swift; path = UIComponentsFactory.swift; sourceTree = "<group>"; };
		C5904691265B1A0B00231116 /* MapScreenView.swift */ = {isa = PBXFileReference; lastKnownFileType = sourcecode.swift; path = MapScreenView.swift; sourceTree = "<group>"; };
		C5904693265B241400231116 /* TravelScreenView.swift */ = {isa = PBXFileReference; lastKnownFileType = sourcecode.swift; path = TravelScreenView.swift; sourceTree = "<group>"; };
		C5904695265B26B200231116 /* ChatScreenView.swift */ = {isa = PBXFileReference; lastKnownFileType = sourcecode.swift; path = ChatScreenView.swift; sourceTree = "<group>"; };
		C5904697265B271400231116 /* ProfileScreenView.swift */ = {isa = PBXFileReference; lastKnownFileType = sourcecode.swift; path = ProfileScreenView.swift; sourceTree = "<group>"; };
		C5F294A5265E3A1A00E1959A /* SliderTransition.swift */ = {isa = PBXFileReference; lastKnownFileType = sourcecode.swift; path = SliderTransition.swift; sourceTree = "<group>"; };
		C5F294A8265E3B2C00E1959A /* SliderPresentationController.swift */ = {isa = PBXFileReference; lastKnownFileType = sourcecode.swift; path = SliderPresentationController.swift; sourceTree = "<group>"; };
		C5F294AB265E415800E1959A /* SliderWithDimmingViewController.swift */ = {isa = PBXFileReference; lastKnownFileType = sourcecode.swift; path = SliderWithDimmingViewController.swift; sourceTree = "<group>"; };
		C5F294AF265E45D600E1959A /* OnMapViewController.swift */ = {isa = PBXFileReference; lastKnownFileType = sourcecode.swift; path = OnMapViewController.swift; sourceTree = "<group>"; };
		C5F294B2265E4B8A00E1959A /* PresentAnimation.swift */ = {isa = PBXFileReference; lastKnownFileType = sourcecode.swift; path = PresentAnimation.swift; sourceTree = "<group>"; };
		C5F294B5265E4CB500E1959A /* DismissAnimation.swift */ = {isa = PBXFileReference; lastKnownFileType = sourcecode.swift; path = DismissAnimation.swift; sourceTree = "<group>"; };
		C5F294B8265E501F00E1959A /* OnMapSliderView.swift */ = {isa = PBXFileReference; lastKnownFileType = sourcecode.swift; path = OnMapSliderView.swift; sourceTree = "<group>"; };
		C5F294BA265E507B00E1959A /* OnMapSliderTableViewCell.swift */ = {isa = PBXFileReference; lastKnownFileType = sourcecode.swift; path = OnMapSliderTableViewCell.swift; sourceTree = "<group>"; };
		C5F294BD265E5EA600E1959A /* UITextField + Extensions.swift */ = {isa = PBXFileReference; lastKnownFileType = sourcecode.swift; path = "UITextField + Extensions.swift"; sourceTree = "<group>"; };
		C5F294BF265E818600E1959A /* String + Extensions.swift */ = {isa = PBXFileReference; lastKnownFileType = sourcecode.swift; path = "String + Extensions.swift"; sourceTree = "<group>"; };
		CE002376636440E6DCE35FBA /* Pods-FriendlyGuideTests.debug.xcconfig */ = {isa = PBXFileReference; includeInIndex = 1; lastKnownFileType = text.xcconfig; name = "Pods-FriendlyGuideTests.debug.xcconfig"; path = "Target Support Files/Pods-FriendlyGuideTests/Pods-FriendlyGuideTests.debug.xcconfig"; sourceTree = "<group>"; };
		EE7CC528BA65E998B145C20A /* Pods-FriendlyGuide.debug.xcconfig */ = {isa = PBXFileReference; includeInIndex = 1; lastKnownFileType = text.xcconfig; name = "Pods-FriendlyGuide.debug.xcconfig"; path = "Target Support Files/Pods-FriendlyGuide/Pods-FriendlyGuide.debug.xcconfig"; sourceTree = "<group>"; };
/* End PBXFileReference section */

/* Begin PBXFrameworksBuildPhase section */
		2150FEB0265AB9070058FA89 /* Frameworks */ = {
			isa = PBXFrameworksBuildPhase;
			buildActionMask = 2147483647;
			files = (
			);
			runOnlyForDeploymentPostprocessing = 0;
		};
		2150FEC6265AB9090058FA89 /* Frameworks */ = {
			isa = PBXFrameworksBuildPhase;
			buildActionMask = 2147483647;
			files = (
				B768E637D8ED434D98E87DC3 /* Pods_FriendlyGuideTests.framework in Frameworks */,
			);
			runOnlyForDeploymentPostprocessing = 0;
		};
		2150FED1265AB9090058FA89 /* Frameworks */ = {
			isa = PBXFrameworksBuildPhase;
			buildActionMask = 2147483647;
			files = (
				017A3E4F7AF543837DC02CD7 /* Pods_FriendlyGuide_FriendlyGuideUITests.framework in Frameworks */,
			);
			runOnlyForDeploymentPostprocessing = 0;
		};
/* End PBXFrameworksBuildPhase section */

/* Begin PBXGroup section */
		1207F27390D1BF531A718BDB /* Pods */ = {
			isa = PBXGroup;
			children = (
				EE7CC528BA65E998B145C20A /* Pods-FriendlyGuide.debug.xcconfig */,
				13702F993F2CF8FFDC1C0C0A /* Pods-FriendlyGuide.release.xcconfig */,
				8CB5D3A3CB0562114B140561 /* Pods-FriendlyGuide-FriendlyGuideUITests.debug.xcconfig */,
				17D3CD1E21A8270E4E5699B4 /* Pods-FriendlyGuide-FriendlyGuideUITests.release.xcconfig */,
				CE002376636440E6DCE35FBA /* Pods-FriendlyGuideTests.debug.xcconfig */,
				4034CCBF475C093E0C849E16 /* Pods-FriendlyGuideTests.release.xcconfig */,
			);
			path = Pods;
			sourceTree = "<group>";
		};
		2150FEAA265AB9070058FA89 = {
			isa = PBXGroup;
			children = (
				2150FEB5265AB9070058FA89 /* FriendlyGuide */,
				2150FECC265AB9090058FA89 /* FriendlyGuideTests */,
				2150FED7265AB9090058FA89 /* FriendlyGuideUITests */,
				2150FEB4265AB9070058FA89 /* Products */,
				1207F27390D1BF531A718BDB /* Pods */,
				43B513E69338F43FDD6A721D /* Frameworks */,
			);
			sourceTree = "<group>";
		};
		2150FEB4265AB9070058FA89 /* Products */ = {
			isa = PBXGroup;
			children = (
				2150FEB3265AB9070058FA89 /* FriendlyGuide.app */,
				2150FEC9265AB9090058FA89 /* FriendlyGuideTests.xctest */,
				2150FED4265AB9090058FA89 /* FriendlyGuideUITests.xctest */,
			);
			name = Products;
			sourceTree = "<group>";
		};
		2150FEB5265AB9070058FA89 /* FriendlyGuide */ = {
			isa = PBXGroup;
			children = (
				2150FEE6265ABE500058FA89 /* App */,
				2150FEEB265ABE8A0058FA89 /* Core */,
				2150FEEC265ABE980058FA89 /* Resources */,
				2150FEED265ABEA10058FA89 /* Environments */,
			);
			path = FriendlyGuide;
			sourceTree = "<group>";
		};
		2150FECC265AB9090058FA89 /* FriendlyGuideTests */ = {
			isa = PBXGroup;
			children = (
				2150FECD265AB9090058FA89 /* FriendlyGuideTests.swift */,
				2150FECF265AB9090058FA89 /* Info.plist */,
			);
			path = FriendlyGuideTests;
			sourceTree = "<group>";
		};
		2150FED7265AB9090058FA89 /* FriendlyGuideUITests */ = {
			isa = PBXGroup;
			children = (
				2150FED8265AB9090058FA89 /* FriendlyGuideUITests.swift */,
				2150FEDA265AB9090058FA89 /* Info.plist */,
			);
			path = FriendlyGuideUITests;
			sourceTree = "<group>";
		};
		2150FEE6265ABE500058FA89 /* App */ = {
			isa = PBXGroup;
			children = (
				2150FEB6265AB9070058FA89 /* AppDelegate.swift */,
				2150FEB8265AB9070058FA89 /* SceneDelegate.swift */,
				2150FEE7265ABE580058FA89 /* BusinessLogic */,
				2150FEE8265ABE5D0058FA89 /* Entity */,
				2150FEE9265ABE630058FA89 /* Assembly */,
				2150FEEA265ABE730058FA89 /* Flows */,
			);
			path = App;
			sourceTree = "<group>";
		};
		2150FEE7265ABE580058FA89 /* BusinessLogic */ = {
			isa = PBXGroup;
			children = (
			);
			path = BusinessLogic;
			sourceTree = "<group>";
		};
		2150FEE8265ABE5D0058FA89 /* Entity */ = {
			isa = PBXGroup;
			children = (
			);
			path = Entity;
			sourceTree = "<group>";
		};
		2150FEE9265ABE630058FA89 /* Assembly */ = {
			isa = PBXGroup;
			children = (
				4A7889AB265BF241008F81EA /* Protocols */,
				4A7889A3265BEE89008F81EA /* Extensions */,
				2150FEEE265B7FE20058FA89 /* Factories */,
			);
			path = Assembly;
			sourceTree = "<group>";
		};
		2150FEEA265ABE730058FA89 /* Flows */ = {
			isa = PBXGroup;
			children = (
				C5F2949D265E377700E1959A /* SliderController */,
				C5904681265B0A3800231116 /* TabBarController */,
				4A7889B0265CE404008F81EA /* CitiesScreen */,
				C5904675265B080100231116 /* TravelScreen */,
				C5904678265B083900231116 /* MapScreen */,
				C5F294AD265E456E00E1959A /* OnMapSlider */,
				C590467B265B088600231116 /* ChatScreen */,
				C590467E265B08AF00231116 /* ProfileScreen */,
			);
			path = Flows;
			sourceTree = "<group>";
		};
		2150FEEB265ABE8A0058FA89 /* Core */ = {
			isa = PBXGroup;
			children = (
			);
			path = Core;
			sourceTree = "<group>";
		};
		2150FEEC265ABE980058FA89 /* Resources */ = {
			isa = PBXGroup;
			children = (
				2150FEC1265AB9090058FA89 /* LaunchScreen.storyboard */,
				2150FEBF265AB9090058FA89 /* Assets.xcassets */,
			);
			path = Resources;
			sourceTree = "<group>";
		};
		2150FEED265ABEA10058FA89 /* Environments */ = {
			isa = PBXGroup;
			children = (
				2150FEC4265AB9090058FA89 /* Info.plist */,
			);
			path = Environments;
			sourceTree = "<group>";
		};
		2150FEEE265B7FE20058FA89 /* Factories */ = {
			isa = PBXGroup;
			children = (
				C590468F265B19A400231116 /* UIComponentsFactory.swift */,
			);
			path = Factories;
			sourceTree = "<group>";
		};
		43B513E69338F43FDD6A721D /* Frameworks */ = {
			isa = PBXGroup;
			children = (
				69D6F12A6A8DE6CD29BB1B57 /* Pods_FriendlyGuide.framework */,
				5EDBB6865E63CCF3C32EE119 /* Pods_FriendlyGuide_FriendlyGuideUITests.framework */,
				0340E5B5743E55E0B324EE73 /* Pods_FriendlyGuideTests.framework */,
			);
			name = Frameworks;
			sourceTree = "<group>";
		};
		4A7889A3265BEE89008F81EA /* Extensions */ = {
			isa = PBXGroup;
			children = (
				4A7889A5265BEEB9008F81EA /* UIFont + Extensions.swift */,
				4A7889C3265D034C008F81EA /* UIButton + Extensions.swift */,
				4A7889C8265D0B18008F81EA /* UIViewController + Extensions.swift */,
				4A7889CC265D1833008F81EA /* UIImageView + Extensions.swift */,
				4A7889CE265D2A2F008F81EA /* UILabel + Extensions.swift */,
				C5F294BD265E5EA600E1959A /* UITextField + Extensions.swift */,
				C5F294BF265E818600E1959A /* String + Extensions.swift */,
			);
			path = Extensions;
			sourceTree = "<group>";
		};
		4A7889A7265BF0DE008F81EA /* Cell */ = {
			isa = PBXGroup;
			children = (
				4A7889C5265D04AE008F81EA /* CollectionViewElements */,
				4A7889BA265CFD07008F81EA /* NewsCell.swift */,
				4A7889BC265CFD2C008F81EA /* EventCell.swift */,
				4A7889BE265CFD49008F81EA /* PlaceCell.swift */,
				4A7889CA265D11FF008F81EA /* SelectCityCell.swift */,
			);
			path = Cell;
			sourceTree = "<group>";
		};
		4A7889A8265BF0FC008F81EA /* Enum */ = {
			isa = PBXGroup;
			children = (
				4A7889A9265BF12A008F81EA /* TravelScreenEnum.swift */,
			);
			path = Enum;
			sourceTree = "<group>";
		};
		4A7889AB265BF241008F81EA /* Protocols */ = {
			isa = PBXGroup;
			children = (
				4A7889AC265BF275008F81EA /* SelfConfiguringCell.swift */,
			);
			path = Protocols;
			sourceTree = "<group>";
		};
		4A7889B0265CE404008F81EA /* CitiesScreen */ = {
			isa = PBXGroup;
			children = (
				4A7889B7265CE97F008F81EA /* Cell */,
				4A7889B1265CE41C008F81EA /* View */,
				4A7889B2265CE422008F81EA /* ViewController */,
			);
			path = CitiesScreen;
			sourceTree = "<group>";
		};
		4A7889B1265CE41C008F81EA /* View */ = {
			isa = PBXGroup;
			children = (
				4A7889B3265CE46E008F81EA /* CitiesView.swift */,
			);
			path = View;
			sourceTree = "<group>";
		};
		4A7889B2265CE422008F81EA /* ViewController */ = {
			isa = PBXGroup;
			children = (
				4A7889B5265CE484008F81EA /* CitiesViewController.swift */,
			);
			path = ViewController;
			sourceTree = "<group>";
		};
		4A7889B7265CE97F008F81EA /* Cell */ = {
			isa = PBXGroup;
			children = (
				4A7889B8265CE98D008F81EA /* CitiesCell.swift */,
			);
			path = Cell;
			sourceTree = "<group>";
		};
		4A7889C5265D04AE008F81EA /* CollectionViewElements */ = {
			isa = PBXGroup;
			children = (
				4A7889AE265BFA06008F81EA /* SectionHeader.swift */,
			);
			path = CollectionViewElements;
			sourceTree = "<group>";
		};
		C5904675265B080100231116 /* TravelScreen */ = {
			isa = PBXGroup;
			children = (
				4A7889A8265BF0FC008F81EA /* Enum */,
				4A7889A7265BF0DE008F81EA /* Cell */,
				C5904676265B080800231116 /* View */,
				C5904677265B080F00231116 /* ViewController */,
			);
			path = TravelScreen;
			sourceTree = "<group>";
		};
		C5904676265B080800231116 /* View */ = {
			isa = PBXGroup;
			children = (
				C5904693265B241400231116 /* TravelScreenView.swift */,
			);
			path = View;
			sourceTree = "<group>";
		};
		C5904677265B080F00231116 /* ViewController */ = {
			isa = PBXGroup;
			children = (
				C5904685265B0EAD00231116 /* TravelScreenViewController.swift */,
			);
			path = ViewController;
			sourceTree = "<group>";
		};
		C5904678265B083900231116 /* MapScreen */ = {
			isa = PBXGroup;
			children = (
				C590467A265B086500231116 /* View */,
				C5904679265B085600231116 /* ViewController */,
			);
			path = MapScreen;
			sourceTree = "<group>";
		};
		C5904679265B085600231116 /* ViewController */ = {
			isa = PBXGroup;
			children = (
				C5904687265B0F6F00231116 /* MapScreenViewController.swift */,
			);
			path = ViewController;
			sourceTree = "<group>";
		};
		C590467A265B086500231116 /* View */ = {
			isa = PBXGroup;
			children = (
				C5904691265B1A0B00231116 /* MapScreenView.swift */,
			);
			path = View;
			sourceTree = "<group>";
		};
		C590467B265B088600231116 /* ChatScreen */ = {
			isa = PBXGroup;
			children = (
				C590467D265B089E00231116 /* View */,
				C590467C265B089300231116 /* ViewController */,
			);
			path = ChatScreen;
			sourceTree = "<group>";
		};
		C590467C265B089300231116 /* ViewController */ = {
			isa = PBXGroup;
			children = (
				C590468B265B12C300231116 /* ChatScreenViewController.swift */,
			);
			path = ViewController;
			sourceTree = "<group>";
		};
		C590467D265B089E00231116 /* View */ = {
			isa = PBXGroup;
			children = (
				C5904695265B26B200231116 /* ChatScreenView.swift */,
			);
			path = View;
			sourceTree = "<group>";
		};
		C590467E265B08AF00231116 /* ProfileScreen */ = {
			isa = PBXGroup;
			children = (
				C5904680265B08E200231116 /* View */,
				C590467F265B08D500231116 /* ViewController */,
			);
			path = ProfileScreen;
			sourceTree = "<group>";
		};
		C590467F265B08D500231116 /* ViewController */ = {
			isa = PBXGroup;
			children = (
				C5904689265B107000231116 /* ProfileScreenViewController.swift */,
			);
			path = ViewController;
			sourceTree = "<group>";
		};
		C5904680265B08E200231116 /* View */ = {
			isa = PBXGroup;
			children = (
				C5904697265B271400231116 /* ProfileScreenView.swift */,
			);
			path = View;
			sourceTree = "<group>";
		};
		C5904681265B0A3800231116 /* TabBarController */ = {
			isa = PBXGroup;
			children = (
				C5904682265B0A3E00231116 /* ViewController */,
			);
			path = TabBarController;
			sourceTree = "<group>";
		};
		C5904682265B0A3E00231116 /* ViewController */ = {
			isa = PBXGroup;
			children = (
				C5904683265B0AA700231116 /* TabBarController.swift */,
			);
			path = ViewController;
			sourceTree = "<group>";
		};
		C5F2949D265E377700E1959A /* SliderController */ = {
			isa = PBXGroup;
			children = (
				C5F294A4265E39F400E1959A /* SliderTransition */,
				C5F294A7265E3B0000E1959A /* SliderPresentationController */,
				C5F294AA265E40EB00E1959A /* SliderWithDimmingViewController */,
				C5F294B1265E4B6C00E1959A /* PresentAnimation */,
				C5F294B4265E4C8000E1959A /* DismissAnimation */,
			);
			path = SliderController;
			sourceTree = "<group>";
		};
		C5F294A4265E39F400E1959A /* SliderTransition */ = {
			isa = PBXGroup;
			children = (
				C5F294A5265E3A1A00E1959A /* SliderTransition.swift */,
			);
			path = SliderTransition;
			sourceTree = "<group>";
		};
		C5F294A7265E3B0000E1959A /* SliderPresentationController */ = {
			isa = PBXGroup;
			children = (
				C5F294A8265E3B2C00E1959A /* SliderPresentationController.swift */,
			);
			path = SliderPresentationController;
			sourceTree = "<group>";
		};
		C5F294AA265E40EB00E1959A /* SliderWithDimmingViewController */ = {
			isa = PBXGroup;
			children = (
				C5F294AB265E415800E1959A /* SliderWithDimmingViewController.swift */,
			);
			path = SliderWithDimmingViewController;
			sourceTree = "<group>";
		};
		C5F294AD265E456E00E1959A /* OnMapSlider */ = {
			isa = PBXGroup;
			children = (
				C5F294BC265E589800E1959A /* Cell */,
				C5F294B7265E4FF700E1959A /* View */,
				C5F294AE265E45A100E1959A /* ViewController */,
			);
			path = OnMapSlider;
			sourceTree = "<group>";
		};
		C5F294AE265E45A100E1959A /* ViewController */ = {
			isa = PBXGroup;
			children = (
				C5F294AF265E45D600E1959A /* OnMapViewController.swift */,
			);
			path = ViewController;
			sourceTree = "<group>";
		};
		C5F294B1265E4B6C00E1959A /* PresentAnimation */ = {
			isa = PBXGroup;
			children = (
				C5F294B2265E4B8A00E1959A /* PresentAnimation.swift */,
			);
			path = PresentAnimation;
			sourceTree = "<group>";
		};
		C5F294B4265E4C8000E1959A /* DismissAnimation */ = {
			isa = PBXGroup;
			children = (
				C5F294B5265E4CB500E1959A /* DismissAnimation.swift */,
			);
			path = DismissAnimation;
			sourceTree = "<group>";
		};
		C5F294B7265E4FF700E1959A /* View */ = {
			isa = PBXGroup;
			children = (
				C5F294B8265E501F00E1959A /* OnMapSliderView.swift */,
			);
			path = View;
			sourceTree = "<group>";
		};
		C5F294BC265E589800E1959A /* Cell */ = {
			isa = PBXGroup;
			children = (
				C5F294BA265E507B00E1959A /* OnMapSliderTableViewCell.swift */,
			);
			path = Cell;
			sourceTree = "<group>";
		};
/* End PBXGroup section */

/* Begin PBXNativeTarget section */
		2150FEB2265AB9070058FA89 /* FriendlyGuide */ = {
			isa = PBXNativeTarget;
			buildConfigurationList = 2150FEDD265AB9090058FA89 /* Build configuration list for PBXNativeTarget "FriendlyGuide" */;
			buildPhases = (
				B17F76EF428781984C706742 /* [CP] Check Pods Manifest.lock */,
				2150FEAF265AB9070058FA89 /* Sources */,
				2150FEB0265AB9070058FA89 /* Frameworks */,
				2150FEB1265AB9070058FA89 /* Resources */,
				663F742B8619D7A3F425123F /* [CP] Copy Pods Resources */,
			);
			buildRules = (
			);
			dependencies = (
			);
			name = FriendlyGuide;
			productName = FriendlyGuide;
			productReference = 2150FEB3265AB9070058FA89 /* FriendlyGuide.app */;
			productType = "com.apple.product-type.application";
		};
		2150FEC8265AB9090058FA89 /* FriendlyGuideTests */ = {
			isa = PBXNativeTarget;
			buildConfigurationList = 2150FEE0265AB9090058FA89 /* Build configuration list for PBXNativeTarget "FriendlyGuideTests" */;
			buildPhases = (
				D40E0DA8AC3D71004034D99D /* [CP] Check Pods Manifest.lock */,
				2150FEC5265AB9090058FA89 /* Sources */,
				2150FEC6265AB9090058FA89 /* Frameworks */,
				2150FEC7265AB9090058FA89 /* Resources */,
			);
			buildRules = (
			);
			dependencies = (
				2150FECB265AB9090058FA89 /* PBXTargetDependency */,
			);
			name = FriendlyGuideTests;
			productName = FriendlyGuideTests;
			productReference = 2150FEC9265AB9090058FA89 /* FriendlyGuideTests.xctest */;
			productType = "com.apple.product-type.bundle.unit-test";
		};
		2150FED3265AB9090058FA89 /* FriendlyGuideUITests */ = {
			isa = PBXNativeTarget;
			buildConfigurationList = 2150FEE3265AB9090058FA89 /* Build configuration list for PBXNativeTarget "FriendlyGuideUITests" */;
			buildPhases = (
				FA22CD48B697402C1F5E2F8C /* [CP] Check Pods Manifest.lock */,
				2150FED0265AB9090058FA89 /* Sources */,
				2150FED1265AB9090058FA89 /* Frameworks */,
				2150FED2265AB9090058FA89 /* Resources */,
				645620ABA3ACEAC8F388A8A9 /* [CP] Copy Pods Resources */,
			);
			buildRules = (
			);
			dependencies = (
				2150FED6265AB9090058FA89 /* PBXTargetDependency */,
			);
			name = FriendlyGuideUITests;
			productName = FriendlyGuideUITests;
			productReference = 2150FED4265AB9090058FA89 /* FriendlyGuideUITests.xctest */;
			productType = "com.apple.product-type.bundle.ui-testing";
		};
/* End PBXNativeTarget section */

/* Begin PBXProject section */
		2150FEAB265AB9070058FA89 /* Project object */ = {
			isa = PBXProject;
			attributes = {
				LastSwiftUpdateCheck = 1250;
				LastUpgradeCheck = 1250;
				TargetAttributes = {
					2150FEB2265AB9070058FA89 = {
						CreatedOnToolsVersion = 12.5;
					};
					2150FEC8265AB9090058FA89 = {
						CreatedOnToolsVersion = 12.5;
						TestTargetID = 2150FEB2265AB9070058FA89;
					};
					2150FED3265AB9090058FA89 = {
						CreatedOnToolsVersion = 12.5;
						TestTargetID = 2150FEB2265AB9070058FA89;
					};
				};
			};
			buildConfigurationList = 2150FEAE265AB9070058FA89 /* Build configuration list for PBXProject "FriendlyGuide" */;
			compatibilityVersion = "Xcode 9.3";
			developmentRegion = en;
			hasScannedForEncodings = 0;
			knownRegions = (
				en,
				Base,
			);
			mainGroup = 2150FEAA265AB9070058FA89;
			productRefGroup = 2150FEB4265AB9070058FA89 /* Products */;
			projectDirPath = "";
			projectRoot = "";
			targets = (
				2150FEB2265AB9070058FA89 /* FriendlyGuide */,
				2150FEC8265AB9090058FA89 /* FriendlyGuideTests */,
				2150FED3265AB9090058FA89 /* FriendlyGuideUITests */,
			);
		};
/* End PBXProject section */

/* Begin PBXResourcesBuildPhase section */
		2150FEB1265AB9070058FA89 /* Resources */ = {
			isa = PBXResourcesBuildPhase;
			buildActionMask = 2147483647;
			files = (
				2150FEC3265AB9090058FA89 /* LaunchScreen.storyboard in Resources */,
				2150FEC0265AB9090058FA89 /* Assets.xcassets in Resources */,
			);
			runOnlyForDeploymentPostprocessing = 0;
		};
		2150FEC7265AB9090058FA89 /* Resources */ = {
			isa = PBXResourcesBuildPhase;
			buildActionMask = 2147483647;
			files = (
			);
			runOnlyForDeploymentPostprocessing = 0;
		};
		2150FED2265AB9090058FA89 /* Resources */ = {
			isa = PBXResourcesBuildPhase;
			buildActionMask = 2147483647;
			files = (
			);
			runOnlyForDeploymentPostprocessing = 0;
		};
/* End PBXResourcesBuildPhase section */

/* Begin PBXShellScriptBuildPhase section */
		645620ABA3ACEAC8F388A8A9 /* [CP] Copy Pods Resources */ = {
			isa = PBXShellScriptBuildPhase;
			buildActionMask = 2147483647;
			files = (
			);
			inputFileListPaths = (
				"${PODS_ROOT}/Target Support Files/Pods-FriendlyGuide-FriendlyGuideUITests/Pods-FriendlyGuide-FriendlyGuideUITests-resources-${CONFIGURATION}-input-files.xcfilelist",
			);
			name = "[CP] Copy Pods Resources";
			outputFileListPaths = (
				"${PODS_ROOT}/Target Support Files/Pods-FriendlyGuide-FriendlyGuideUITests/Pods-FriendlyGuide-FriendlyGuideUITests-resources-${CONFIGURATION}-output-files.xcfilelist",
			);
			runOnlyForDeploymentPostprocessing = 0;
			shellPath = /bin/sh;
			shellScript = "\"${PODS_ROOT}/Target Support Files/Pods-FriendlyGuide-FriendlyGuideUITests/Pods-FriendlyGuide-FriendlyGuideUITests-resources.sh\"\n";
			showEnvVarsInLog = 0;
		};
		663F742B8619D7A3F425123F /* [CP] Copy Pods Resources */ = {
			isa = PBXShellScriptBuildPhase;
			buildActionMask = 2147483647;
			files = (
			);
			inputFileListPaths = (
				"${PODS_ROOT}/Target Support Files/Pods-FriendlyGuide/Pods-FriendlyGuide-resources-${CONFIGURATION}-input-files.xcfilelist",
			);
			name = "[CP] Copy Pods Resources";
			outputFileListPaths = (
				"${PODS_ROOT}/Target Support Files/Pods-FriendlyGuide/Pods-FriendlyGuide-resources-${CONFIGURATION}-output-files.xcfilelist",
			);
			runOnlyForDeploymentPostprocessing = 0;
			shellPath = /bin/sh;
			shellScript = "\"${PODS_ROOT}/Target Support Files/Pods-FriendlyGuide/Pods-FriendlyGuide-resources.sh\"\n";
			showEnvVarsInLog = 0;
		};
		B17F76EF428781984C706742 /* [CP] Check Pods Manifest.lock */ = {
			isa = PBXShellScriptBuildPhase;
			buildActionMask = 2147483647;
			files = (
			);
			inputFileListPaths = (
			);
			inputPaths = (
				"${PODS_PODFILE_DIR_PATH}/Podfile.lock",
				"${PODS_ROOT}/Manifest.lock",
			);
			name = "[CP] Check Pods Manifest.lock";
			outputFileListPaths = (
			);
			outputPaths = (
				"$(DERIVED_FILE_DIR)/Pods-FriendlyGuide-checkManifestLockResult.txt",
			);
			runOnlyForDeploymentPostprocessing = 0;
			shellPath = /bin/sh;
			shellScript = "diff \"${PODS_PODFILE_DIR_PATH}/Podfile.lock\" \"${PODS_ROOT}/Manifest.lock\" > /dev/null\nif [ $? != 0 ] ; then\n    # print error to STDERR\n    echo \"error: The sandbox is not in sync with the Podfile.lock. Run 'pod install' or update your CocoaPods installation.\" >&2\n    exit 1\nfi\n# This output is used by Xcode 'outputs' to avoid re-running this script phase.\necho \"SUCCESS\" > \"${SCRIPT_OUTPUT_FILE_0}\"\n";
			showEnvVarsInLog = 0;
		};
		D40E0DA8AC3D71004034D99D /* [CP] Check Pods Manifest.lock */ = {
			isa = PBXShellScriptBuildPhase;
			buildActionMask = 2147483647;
			files = (
			);
			inputFileListPaths = (
			);
			inputPaths = (
				"${PODS_PODFILE_DIR_PATH}/Podfile.lock",
				"${PODS_ROOT}/Manifest.lock",
			);
			name = "[CP] Check Pods Manifest.lock";
			outputFileListPaths = (
			);
			outputPaths = (
				"$(DERIVED_FILE_DIR)/Pods-FriendlyGuideTests-checkManifestLockResult.txt",
			);
			runOnlyForDeploymentPostprocessing = 0;
			shellPath = /bin/sh;
			shellScript = "diff \"${PODS_PODFILE_DIR_PATH}/Podfile.lock\" \"${PODS_ROOT}/Manifest.lock\" > /dev/null\nif [ $? != 0 ] ; then\n    # print error to STDERR\n    echo \"error: The sandbox is not in sync with the Podfile.lock. Run 'pod install' or update your CocoaPods installation.\" >&2\n    exit 1\nfi\n# This output is used by Xcode 'outputs' to avoid re-running this script phase.\necho \"SUCCESS\" > \"${SCRIPT_OUTPUT_FILE_0}\"\n";
			showEnvVarsInLog = 0;
		};
		FA22CD48B697402C1F5E2F8C /* [CP] Check Pods Manifest.lock */ = {
			isa = PBXShellScriptBuildPhase;
			buildActionMask = 2147483647;
			files = (
			);
			inputFileListPaths = (
			);
			inputPaths = (
				"${PODS_PODFILE_DIR_PATH}/Podfile.lock",
				"${PODS_ROOT}/Manifest.lock",
			);
			name = "[CP] Check Pods Manifest.lock";
			outputFileListPaths = (
			);
			outputPaths = (
				"$(DERIVED_FILE_DIR)/Pods-FriendlyGuide-FriendlyGuideUITests-checkManifestLockResult.txt",
			);
			runOnlyForDeploymentPostprocessing = 0;
			shellPath = /bin/sh;
			shellScript = "diff \"${PODS_PODFILE_DIR_PATH}/Podfile.lock\" \"${PODS_ROOT}/Manifest.lock\" > /dev/null\nif [ $? != 0 ] ; then\n    # print error to STDERR\n    echo \"error: The sandbox is not in sync with the Podfile.lock. Run 'pod install' or update your CocoaPods installation.\" >&2\n    exit 1\nfi\n# This output is used by Xcode 'outputs' to avoid re-running this script phase.\necho \"SUCCESS\" > \"${SCRIPT_OUTPUT_FILE_0}\"\n";
			showEnvVarsInLog = 0;
		};
/* End PBXShellScriptBuildPhase section */

/* Begin PBXSourcesBuildPhase section */
		2150FEAF265AB9070058FA89 /* Sources */ = {
			isa = PBXSourcesBuildPhase;
			buildActionMask = 2147483647;
			files = (
				C5904694265B241400231116 /* TravelScreenView.swift in Sources */,
				C5904686265B0EAD00231116 /* TravelScreenViewController.swift in Sources */,
				C5F294B6265E4CB500E1959A /* DismissAnimation.swift in Sources */,
				4A7889AD265BF275008F81EA /* SelfConfiguringCell.swift in Sources */,
				4A7889BD265CFD2C008F81EA /* EventCell.swift in Sources */,
				4A7889B6265CE484008F81EA /* CitiesViewController.swift in Sources */,
				C5904684265B0AA700231116 /* TabBarController.swift in Sources */,
				4A7889C9265D0B18008F81EA /* UIViewController + Extensions.swift in Sources */,
				C5F294B0265E45D600E1959A /* OnMapViewController.swift in Sources */,
				4A7889C4265D034C008F81EA /* UIButton + Extensions.swift in Sources */,
				C5F294AC265E415800E1959A /* SliderWithDimmingViewController.swift in Sources */,
				C590468C265B12C300231116 /* ChatScreenViewController.swift in Sources */,
				C5904690265B19A400231116 /* UIComponentsFactory.swift in Sources */,
				C5904696265B26B200231116 /* ChatScreenView.swift in Sources */,
				4A7889CD265D1833008F81EA /* UIImageView + Extensions.swift in Sources */,
				4A7889AA265BF12A008F81EA /* TravelScreenEnum.swift in Sources */,
				C5F294A6265E3A1A00E1959A /* SliderTransition.swift in Sources */,
				C590468A265B107000231116 /* ProfileScreenViewController.swift in Sources */,
				2150FEB7265AB9070058FA89 /* AppDelegate.swift in Sources */,
				C5F294B3265E4B8A00E1959A /* PresentAnimation.swift in Sources */,
				C5904692265B1A0B00231116 /* MapScreenView.swift in Sources */,
				C5904688265B0F6F00231116 /* MapScreenViewController.swift in Sources */,
				4A7889B9265CE98D008F81EA /* CitiesCell.swift in Sources */,
				4A7889BB265CFD07008F81EA /* NewsCell.swift in Sources */,
				4A7889AF265BFA06008F81EA /* SectionHeader.swift in Sources */,
				4A7889BF265CFD49008F81EA /* PlaceCell.swift in Sources */,
				4A7889CF265D2A2F008F81EA /* UILabel + Extensions.swift in Sources */,
				C5F294C0265E818600E1959A /* String + Extensions.swift in Sources */,
				C5F294BE265E5EA600E1959A /* UITextField + Extensions.swift in Sources */,
				C5904698265B271400231116 /* ProfileScreenView.swift in Sources */,
				4A7889CB265D11FF008F81EA /* SelectCityCell.swift in Sources */,
				2150FEB9265AB9070058FA89 /* SceneDelegate.swift in Sources */,
				C5F294B9265E501F00E1959A /* OnMapSliderView.swift in Sources */,
				C5F294BB265E507B00E1959A /* OnMapSliderTableViewCell.swift in Sources */,
				4A7889B4265CE46E008F81EA /* CitiesView.swift in Sources */,
				4A7889A6265BEEB9008F81EA /* UIFont + Extensions.swift in Sources */,
				C5F294A9265E3B2C00E1959A /* SliderPresentationController.swift in Sources */,
			);
			runOnlyForDeploymentPostprocessing = 0;
		};
		2150FEC5265AB9090058FA89 /* Sources */ = {
			isa = PBXSourcesBuildPhase;
			buildActionMask = 2147483647;
			files = (
				2150FECE265AB9090058FA89 /* FriendlyGuideTests.swift in Sources */,
			);
			runOnlyForDeploymentPostprocessing = 0;
		};
		2150FED0265AB9090058FA89 /* Sources */ = {
			isa = PBXSourcesBuildPhase;
			buildActionMask = 2147483647;
			files = (
				2150FED9265AB9090058FA89 /* FriendlyGuideUITests.swift in Sources */,
			);
			runOnlyForDeploymentPostprocessing = 0;
		};
/* End PBXSourcesBuildPhase section */

/* Begin PBXTargetDependency section */
		2150FECB265AB9090058FA89 /* PBXTargetDependency */ = {
			isa = PBXTargetDependency;
			target = 2150FEB2265AB9070058FA89 /* FriendlyGuide */;
			targetProxy = 2150FECA265AB9090058FA89 /* PBXContainerItemProxy */;
		};
		2150FED6265AB9090058FA89 /* PBXTargetDependency */ = {
			isa = PBXTargetDependency;
			target = 2150FEB2265AB9070058FA89 /* FriendlyGuide */;
			targetProxy = 2150FED5265AB9090058FA89 /* PBXContainerItemProxy */;
		};
/* End PBXTargetDependency section */

/* Begin PBXVariantGroup section */
		2150FEC1265AB9090058FA89 /* LaunchScreen.storyboard */ = {
			isa = PBXVariantGroup;
			children = (
				2150FEC2265AB9090058FA89 /* Base */,
			);
			name = LaunchScreen.storyboard;
			sourceTree = "<group>";
		};
/* End PBXVariantGroup section */

/* Begin XCBuildConfiguration section */
		2150FEDB265AB9090058FA89 /* Debug */ = {
			isa = XCBuildConfiguration;
			buildSettings = {
				ALWAYS_SEARCH_USER_PATHS = NO;
				CLANG_ANALYZER_NONNULL = YES;
				CLANG_ANALYZER_NUMBER_OBJECT_CONVERSION = YES_AGGRESSIVE;
				CLANG_CXX_LANGUAGE_STANDARD = "gnu++14";
				CLANG_CXX_LIBRARY = "libc++";
				CLANG_ENABLE_MODULES = YES;
				CLANG_ENABLE_OBJC_ARC = YES;
				CLANG_ENABLE_OBJC_WEAK = YES;
				CLANG_WARN_BLOCK_CAPTURE_AUTORELEASING = YES;
				CLANG_WARN_BOOL_CONVERSION = YES;
				CLANG_WARN_COMMA = YES;
				CLANG_WARN_CONSTANT_CONVERSION = YES;
				CLANG_WARN_DEPRECATED_OBJC_IMPLEMENTATIONS = YES;
				CLANG_WARN_DIRECT_OBJC_ISA_USAGE = YES_ERROR;
				CLANG_WARN_DOCUMENTATION_COMMENTS = YES;
				CLANG_WARN_EMPTY_BODY = YES;
				CLANG_WARN_ENUM_CONVERSION = YES;
				CLANG_WARN_INFINITE_RECURSION = YES;
				CLANG_WARN_INT_CONVERSION = YES;
				CLANG_WARN_NON_LITERAL_NULL_CONVERSION = YES;
				CLANG_WARN_OBJC_IMPLICIT_RETAIN_SELF = YES;
				CLANG_WARN_OBJC_LITERAL_CONVERSION = YES;
				CLANG_WARN_OBJC_ROOT_CLASS = YES_ERROR;
				CLANG_WARN_QUOTED_INCLUDE_IN_FRAMEWORK_HEADER = YES;
				CLANG_WARN_RANGE_LOOP_ANALYSIS = YES;
				CLANG_WARN_STRICT_PROTOTYPES = YES;
				CLANG_WARN_SUSPICIOUS_MOVE = YES;
				CLANG_WARN_UNGUARDED_AVAILABILITY = YES_AGGRESSIVE;
				CLANG_WARN_UNREACHABLE_CODE = YES;
				CLANG_WARN__DUPLICATE_METHOD_MATCH = YES;
				COPY_PHASE_STRIP = NO;
				DEBUG_INFORMATION_FORMAT = dwarf;
				ENABLE_STRICT_OBJC_MSGSEND = YES;
				ENABLE_TESTABILITY = YES;
				GCC_C_LANGUAGE_STANDARD = gnu11;
				GCC_DYNAMIC_NO_PIC = NO;
				GCC_NO_COMMON_BLOCKS = YES;
				GCC_OPTIMIZATION_LEVEL = 0;
				GCC_PREPROCESSOR_DEFINITIONS = (
					"DEBUG=1",
					"$(inherited)",
				);
				GCC_WARN_64_TO_32_BIT_CONVERSION = YES;
				GCC_WARN_ABOUT_RETURN_TYPE = YES_ERROR;
				GCC_WARN_UNDECLARED_SELECTOR = YES;
				GCC_WARN_UNINITIALIZED_AUTOS = YES_AGGRESSIVE;
				GCC_WARN_UNUSED_FUNCTION = YES;
				GCC_WARN_UNUSED_VARIABLE = YES;
				IPHONEOS_DEPLOYMENT_TARGET = 14.5;
				MTL_ENABLE_DEBUG_INFO = INCLUDE_SOURCE;
				MTL_FAST_MATH = YES;
				ONLY_ACTIVE_ARCH = YES;
				SDKROOT = iphoneos;
				SWIFT_ACTIVE_COMPILATION_CONDITIONS = DEBUG;
				SWIFT_OPTIMIZATION_LEVEL = "-Onone";
			};
			name = Debug;
		};
		2150FEDC265AB9090058FA89 /* Release */ = {
			isa = XCBuildConfiguration;
			buildSettings = {
				ALWAYS_SEARCH_USER_PATHS = NO;
				CLANG_ANALYZER_NONNULL = YES;
				CLANG_ANALYZER_NUMBER_OBJECT_CONVERSION = YES_AGGRESSIVE;
				CLANG_CXX_LANGUAGE_STANDARD = "gnu++14";
				CLANG_CXX_LIBRARY = "libc++";
				CLANG_ENABLE_MODULES = YES;
				CLANG_ENABLE_OBJC_ARC = YES;
				CLANG_ENABLE_OBJC_WEAK = YES;
				CLANG_WARN_BLOCK_CAPTURE_AUTORELEASING = YES;
				CLANG_WARN_BOOL_CONVERSION = YES;
				CLANG_WARN_COMMA = YES;
				CLANG_WARN_CONSTANT_CONVERSION = YES;
				CLANG_WARN_DEPRECATED_OBJC_IMPLEMENTATIONS = YES;
				CLANG_WARN_DIRECT_OBJC_ISA_USAGE = YES_ERROR;
				CLANG_WARN_DOCUMENTATION_COMMENTS = YES;
				CLANG_WARN_EMPTY_BODY = YES;
				CLANG_WARN_ENUM_CONVERSION = YES;
				CLANG_WARN_INFINITE_RECURSION = YES;
				CLANG_WARN_INT_CONVERSION = YES;
				CLANG_WARN_NON_LITERAL_NULL_CONVERSION = YES;
				CLANG_WARN_OBJC_IMPLICIT_RETAIN_SELF = YES;
				CLANG_WARN_OBJC_LITERAL_CONVERSION = YES;
				CLANG_WARN_OBJC_ROOT_CLASS = YES_ERROR;
				CLANG_WARN_QUOTED_INCLUDE_IN_FRAMEWORK_HEADER = YES;
				CLANG_WARN_RANGE_LOOP_ANALYSIS = YES;
				CLANG_WARN_STRICT_PROTOTYPES = YES;
				CLANG_WARN_SUSPICIOUS_MOVE = YES;
				CLANG_WARN_UNGUARDED_AVAILABILITY = YES_AGGRESSIVE;
				CLANG_WARN_UNREACHABLE_CODE = YES;
				CLANG_WARN__DUPLICATE_METHOD_MATCH = YES;
				COPY_PHASE_STRIP = NO;
				DEBUG_INFORMATION_FORMAT = "dwarf-with-dsym";
				ENABLE_NS_ASSERTIONS = NO;
				ENABLE_STRICT_OBJC_MSGSEND = YES;
				GCC_C_LANGUAGE_STANDARD = gnu11;
				GCC_NO_COMMON_BLOCKS = YES;
				GCC_WARN_64_TO_32_BIT_CONVERSION = YES;
				GCC_WARN_ABOUT_RETURN_TYPE = YES_ERROR;
				GCC_WARN_UNDECLARED_SELECTOR = YES;
				GCC_WARN_UNINITIALIZED_AUTOS = YES_AGGRESSIVE;
				GCC_WARN_UNUSED_FUNCTION = YES;
				GCC_WARN_UNUSED_VARIABLE = YES;
				IPHONEOS_DEPLOYMENT_TARGET = 14.5;
				MTL_ENABLE_DEBUG_INFO = NO;
				MTL_FAST_MATH = YES;
				SDKROOT = iphoneos;
				SWIFT_COMPILATION_MODE = wholemodule;
				SWIFT_OPTIMIZATION_LEVEL = "-O";
				VALIDATE_PRODUCT = YES;
			};
			name = Release;
		};
		2150FEDE265AB9090058FA89 /* Debug */ = {
			isa = XCBuildConfiguration;
			baseConfigurationReference = EE7CC528BA65E998B145C20A /* Pods-FriendlyGuide.debug.xcconfig */;
			buildSettings = {
				ASSETCATALOG_COMPILER_APPICON_NAME = AppIcon;
				ASSETCATALOG_COMPILER_GLOBAL_ACCENT_COLOR_NAME = AccentColor;
				CODE_SIGN_STYLE = Automatic;
				DEVELOPMENT_TEAM = QU9ZBG8S59;
				"EXCLUDED_ARCHS[sdk=iphonesimulator*]" = arm64;
				INFOPLIST_FILE = FriendlyGuide/Environments/Info.plist;
				LD_RUNPATH_SEARCH_PATHS = (
					"$(inherited)",
					"@executable_path/Frameworks",
				);
				PRODUCT_BUNDLE_IDENTIFIER = obryga.corp.FriendlyGuide;
				PRODUCT_NAME = "$(TARGET_NAME)";
				SWIFT_VERSION = 5.0;
				TARGETED_DEVICE_FAMILY = "1,2";
			};
			name = Debug;
		};
		2150FEDF265AB9090058FA89 /* Release */ = {
			isa = XCBuildConfiguration;
			baseConfigurationReference = 13702F993F2CF8FFDC1C0C0A /* Pods-FriendlyGuide.release.xcconfig */;
			buildSettings = {
				ASSETCATALOG_COMPILER_APPICON_NAME = AppIcon;
				ASSETCATALOG_COMPILER_GLOBAL_ACCENT_COLOR_NAME = AccentColor;
				CODE_SIGN_STYLE = Automatic;
				DEVELOPMENT_TEAM = QU9ZBG8S59;
				"EXCLUDED_ARCHS[sdk=iphonesimulator*]" = arm64;
				INFOPLIST_FILE = FriendlyGuide/Environments/Info.plist;
				LD_RUNPATH_SEARCH_PATHS = (
					"$(inherited)",
					"@executable_path/Frameworks",
				);
				PRODUCT_BUNDLE_IDENTIFIER = obryga.corp.FriendlyGuide;
				PRODUCT_NAME = "$(TARGET_NAME)";
				SWIFT_VERSION = 5.0;
				TARGETED_DEVICE_FAMILY = "1,2";
			};
			name = Release;
		};
		2150FEE1265AB9090058FA89 /* Debug */ = {
			isa = XCBuildConfiguration;
			baseConfigurationReference = CE002376636440E6DCE35FBA /* Pods-FriendlyGuideTests.debug.xcconfig */;
			buildSettings = {
				ALWAYS_EMBED_SWIFT_STANDARD_LIBRARIES = YES;
				BUNDLE_LOADER = "$(TEST_HOST)";
				CODE_SIGN_STYLE = Automatic;
				DEVELOPMENT_TEAM = QU9ZBG8S59;
				INFOPLIST_FILE = FriendlyGuideTests/Info.plist;
				IPHONEOS_DEPLOYMENT_TARGET = 14.5;
				LD_RUNPATH_SEARCH_PATHS = (
					"$(inherited)",
					"@executable_path/Frameworks",
					"@loader_path/Frameworks",
				);
				PRODUCT_BUNDLE_IDENTIFIER = obryga.corp.FriendlyGuideTests;
				PRODUCT_NAME = "$(TARGET_NAME)";
				SWIFT_VERSION = 5.0;
				TARGETED_DEVICE_FAMILY = "1,2";
				TEST_HOST = "$(BUILT_PRODUCTS_DIR)/FriendlyGuide.app/FriendlyGuide";
			};
			name = Debug;
		};
		2150FEE2265AB9090058FA89 /* Release */ = {
			isa = XCBuildConfiguration;
			baseConfigurationReference = 4034CCBF475C093E0C849E16 /* Pods-FriendlyGuideTests.release.xcconfig */;
			buildSettings = {
				ALWAYS_EMBED_SWIFT_STANDARD_LIBRARIES = YES;
				BUNDLE_LOADER = "$(TEST_HOST)";
				CODE_SIGN_STYLE = Automatic;
				DEVELOPMENT_TEAM = QU9ZBG8S59;
				INFOPLIST_FILE = FriendlyGuideTests/Info.plist;
				IPHONEOS_DEPLOYMENT_TARGET = 14.5;
				LD_RUNPATH_SEARCH_PATHS = (
					"$(inherited)",
					"@executable_path/Frameworks",
					"@loader_path/Frameworks",
				);
				PRODUCT_BUNDLE_IDENTIFIER = obryga.corp.FriendlyGuideTests;
				PRODUCT_NAME = "$(TARGET_NAME)";
				SWIFT_VERSION = 5.0;
				TARGETED_DEVICE_FAMILY = "1,2";
				TEST_HOST = "$(BUILT_PRODUCTS_DIR)/FriendlyGuide.app/FriendlyGuide";
			};
			name = Release;
		};
		2150FEE4265AB9090058FA89 /* Debug */ = {
			isa = XCBuildConfiguration;
			baseConfigurationReference = 8CB5D3A3CB0562114B140561 /* Pods-FriendlyGuide-FriendlyGuideUITests.debug.xcconfig */;
			buildSettings = {
				ALWAYS_EMBED_SWIFT_STANDARD_LIBRARIES = YES;
				CODE_SIGN_STYLE = Automatic;
				DEVELOPMENT_TEAM = QU9ZBG8S59;
				INFOPLIST_FILE = FriendlyGuideUITests/Info.plist;
				LD_RUNPATH_SEARCH_PATHS = (
					"$(inherited)",
					"@executable_path/Frameworks",
					"@loader_path/Frameworks",
				);
				PRODUCT_BUNDLE_IDENTIFIER = obryga.corp.FriendlyGuideUITests;
				PRODUCT_NAME = "$(TARGET_NAME)";
				SWIFT_VERSION = 5.0;
				TARGETED_DEVICE_FAMILY = "1,2";
				TEST_TARGET_NAME = FriendlyGuide;
			};
			name = Debug;
		};
		2150FEE5265AB9090058FA89 /* Release */ = {
			isa = XCBuildConfiguration;
			baseConfigurationReference = 17D3CD1E21A8270E4E5699B4 /* Pods-FriendlyGuide-FriendlyGuideUITests.release.xcconfig */;
			buildSettings = {
				ALWAYS_EMBED_SWIFT_STANDARD_LIBRARIES = YES;
				CODE_SIGN_STYLE = Automatic;
				DEVELOPMENT_TEAM = QU9ZBG8S59;
				INFOPLIST_FILE = FriendlyGuideUITests/Info.plist;
				LD_RUNPATH_SEARCH_PATHS = (
					"$(inherited)",
					"@executable_path/Frameworks",
					"@loader_path/Frameworks",
				);
				PRODUCT_BUNDLE_IDENTIFIER = obryga.corp.FriendlyGuideUITests;
				PRODUCT_NAME = "$(TARGET_NAME)";
				SWIFT_VERSION = 5.0;
				TARGETED_DEVICE_FAMILY = "1,2";
				TEST_TARGET_NAME = FriendlyGuide;
			};
			name = Release;
		};
/* End XCBuildConfiguration section */

/* Begin XCConfigurationList section */
		2150FEAE265AB9070058FA89 /* Build configuration list for PBXProject "FriendlyGuide" */ = {
			isa = XCConfigurationList;
			buildConfigurations = (
				2150FEDB265AB9090058FA89 /* Debug */,
				2150FEDC265AB9090058FA89 /* Release */,
			);
			defaultConfigurationIsVisible = 0;
			defaultConfigurationName = Release;
		};
		2150FEDD265AB9090058FA89 /* Build configuration list for PBXNativeTarget "FriendlyGuide" */ = {
			isa = XCConfigurationList;
			buildConfigurations = (
				2150FEDE265AB9090058FA89 /* Debug */,
				2150FEDF265AB9090058FA89 /* Release */,
			);
			defaultConfigurationIsVisible = 0;
			defaultConfigurationName = Release;
		};
		2150FEE0265AB9090058FA89 /* Build configuration list for PBXNativeTarget "FriendlyGuideTests" */ = {
			isa = XCConfigurationList;
			buildConfigurations = (
				2150FEE1265AB9090058FA89 /* Debug */,
				2150FEE2265AB9090058FA89 /* Release */,
			);
			defaultConfigurationIsVisible = 0;
			defaultConfigurationName = Release;
		};
		2150FEE3265AB9090058FA89 /* Build configuration list for PBXNativeTarget "FriendlyGuideUITests" */ = {
			isa = XCConfigurationList;
			buildConfigurations = (
				2150FEE4265AB9090058FA89 /* Debug */,
				2150FEE5265AB9090058FA89 /* Release */,
			);
			defaultConfigurationIsVisible = 0;
			defaultConfigurationName = Release;
		};
/* End XCConfigurationList section */
	};
	rootObject = 2150FEAB265AB9070058FA89 /* Project object */;
}
